<?xml version="1.0" encoding="UTF-8" standalone="yes" ?>
<CodeBlocks_project_file>
	<FileVersion major="1" minor="6" />
	<Project>
		<Option title="NFClientLogicPlugin" />
		<Option pch_mode="2" />
		<Option compiler="gcc" />
		<Build>
			<Target title="Debug Win32">
				<Option output="NFClientLogicPlugin" prefix_auto="1" extension_auto="1" />
				<Option working_dir="" />
				<Option type="2" />
				<Option compiler="gcc" />
				<Option createDefFile="1" />
				<Compiler>
					<Add option="-D_DEBUG" />
					<Add option="-D_USRDLL" />
				</Compiler>
				<Linker>
					<Add directory="$(NFBIN_COMM)/$(Configuration)" />
					<Add directory="$(APP_DEPLIB)/$(Configuration)" />
				</Linker>
			</Target>
			<Target title="Release Win32">
				<Option output="NFClientLogicPlugin" prefix_auto="1" extension_auto="1" />
				<Option working_dir="" />
				<Option type="2" />
				<Option compiler="gcc" />
				<Option createDefFile="1" />
				<Compiler>
					<Add option="-DNDEBUG" />
					<Add option="-D_USRDLL" />
				</Compiler>
			</Target>
		</Build>
		<Compiler>
			<Add option="-D__APPLE_CC__" />
			<Add directory="../../../trunk" />
			<Add directory="$(NF_HOME)" />
		</Compiler>
		<Unit filename="NFCClientLogictModule.cpp" />
		<Unit filename="NFCClientLogictModule.h" />
		<Unit filename="NFClientLogicPlugin.cpp" />
		<Unit filename="NFClientLogicPlugin.h" />
		<Unit filename="ReadMe.txt" />
		<Unit filename="dllmain.cpp" />
		<Unit filename="stdafx.h" />
		<Extensions>
			<code_completion />
			<envvars />
			<debugger />
			<lib_finder disable_auto="1" />
		</Extensions>
	</Project>
</CodeBlocks_project_file>
