<?xml version="1.0" encoding="UTF-8" standalone="yes" ?>
<CodeBlocks_project_file>
	<FileVersion major="1" minor="6" />
	<Project>
		<Option title="NFGameServerNet_ClientPlugin" />
		<Option pch_mode="2" />
		<Option compiler="gcc" />
		<Build>
			<Target title="Debug x64">
				<Option output="NFGameServerNet_ClientPlugin" prefix_auto="1" extension_auto="1" />
				<Option type="3" />
				<Option compiler="gcc" />
				<Option createDefFile="1" />
				<Option createStaticLib="1" />
				<Compiler>
					<Add option="-DWIN" />
					<Add option="-D_DEBUG" />
					<Add option="-D_WINDOWS" />
					<Add option="-D_USRDLL" />
					<Add option="-DTHERON_CPP11" />
					<Add directory="$(SolutionDir)" />
					<Add directory="$(SolutionDir)/Dependencies/" />
					<Add directory="$(SolutionDir)/Dependencies/boost_1_53_0/" />
					<Add directory="$(SolutionDir)/Dependencies/libevent-2.0.21-stable/" />
					<Add directory="$(SolutionDir)/Dependencies/libevent-2.0.21-stable/include/" />
					<Add directory="$(SolutionDir)/Dependencies/libevent-2.0.21-stable/WIN32-Code/" />
					<Add directory="$(SolutionDir)/Dependencies/libevent-2.0.21-stable/compat/" />
					<Add directory="$(SolutionDir)/Dependencies/protobuf-2.5.0/src/" />
					<Add directory="$(SolutionDir)/Dependencies/Theron-6.00.01/Include/" />
				</Compiler>
				<Linker>
					<Add directory="$(SolutionDir)/_Out/Comm/$(Configuration)/" />
					<Add directory="$(SolutionDir)/Dependencies/lib/$(Configuration)/" />
					<Add directory="$(SolutionDir)/Dependencies/boost_1_53_0/stage/lib/x64/vs11_0/" />
				</Linker>
			</Target>
			<Target title="Release x64">
				<Option output="NFGameServerNet_ClientPlugin" prefix_auto="1" extension_auto="1" />
				<Option type="3" />
				<Option compiler="gcc" />
				<Option createDefFile="1" />
				<Option createStaticLib="1" />
				<Compiler>
					<Add option="-DWIN" />
					<Add option="-D_WINDOWS" />
					<Add option="-D_USRDLL" />
					<Add option="-DTHERON_CPP11" />
					<Add directory="$(SolutionDir)" />
					<Add directory="$(SolutionDir)/Dependencies/" />
					<Add directory="$(SolutionDir)/Dependencies/boost_1_53_0/" />
					<Add directory="$(SolutionDir)/Dependencies/libevent-2.0.21-stable/" />
					<Add directory="$(SolutionDir)/Dependencies/libevent-2.0.21-stable/include/" />
					<Add directory="$(SolutionDir)/Dependencies/libevent-2.0.21-stable/WIN32-Code/" />
					<Add directory="$(SolutionDir)/Dependencies/libevent-2.0.21-stable/compat/" />
					<Add directory="$(SolutionDir)/Dependencies/protobuf-2.5.0/src/" />
					<Add directory="$(SolutionDir)/Dependencies/Theron-6.00.01/Include/" />
				</Compiler>
				<Linker>
					<Add directory="$(SolutionDir)/_Out/Comm/$(Configuration)/" />
					<Add directory="$(SolutionDir)/Dependencies/lib/$(Configuration)/" />
					<Add directory="$(SolutionDir)/Dependencies/boost_1_53_0/stage/lib/x64/vs11_0/" />
				</Linker>
			</Target>
		</Build>
		<Unit filename="NFCGameServerNet_ClientModule.cpp" />
		<Unit filename="NFCGameServerNet_ClientModule.h" />
		<Unit filename="NFGameServerNet_ClientPlugin.cpp" />
		<Unit filename="NFGameServerNet_ClientPlugin.h" />
		<Unit filename="dllmain.cpp" />
		<Extensions>
			<code_completion />
			<envvars />
			<debugger />
		</Extensions>
	</Project>
</CodeBlocks_project_file>
