<?xml version="1.0" encoding="utf-8"?>
<Project ToolsVersion="4.0" xmlns="http://schemas.microsoft.com/developer/msbuild/2003">
  <ItemGroup>
    <Filter Include="Source Files">
      <UniqueIdentifier>{4FC737F1-C7A5-4376-A066-2A32D752A2FF}</UniqueIdentifier>
      <Extensions>cpp;c;cc;cxx;def;odl;idl;hpj;bat;asm;asmx</Extensions>
    </Filter>
    <Filter Include="Header Files">
      <UniqueIdentifier>{93995380-89BD-4b04-88EB-625FBE52EBFB}</UniqueIdentifier>
      <Extensions>h;hh;hpp;hxx;hm;inl;inc;xsd</Extensions>
    </Filter>
  </ItemGroup>
  <ItemGroup>
    <ClCompile Include="RecastRegion.cpp">
      <Filter>Source Files</Filter>
    </ClCompile>
    <ClCompile Include="RecastRasterization.cpp">
      <Filter>Source Files</Filter>
    </ClCompile>
    <ClCompile Include="RecastMeshDetail.cpp">
      <Filter>Source Files</Filter>
    </ClCompile>
    <ClCompile Include="RecastMesh.cpp">
      <Filter>Source Files</Filter>
    </ClCompile>
    <ClCompile Include="RecastLayers.cpp">
      <Filter>Source Files</Filter>
    </ClCompile>
    <ClCompile Include="RecastFilter.cpp">
      <Filter>Source Files</Filter>
    </ClCompile>
    <ClCompile Include="RecastContour.cpp">
      <Filter>Source Files</Filter>
    </ClCompile>
    <ClCompile Include="RecastArea.cpp">
      <Filter>Source Files</Filter>
    </ClCompile>
    <ClCompile Include="RecastAlloc.cpp">
      <Filter>Source Files</Filter>
    </ClCompile>
    <ClCompile Include="Recast.cpp">
      <Filter>Source Files</Filter>
    </ClCompile>
    <ClCompile Include="DetourTileCacheBuilder.cpp">
      <Filter>Source Files</Filter>
    </ClCompile>
    <ClCompile Include="DetourTileCache.cpp">
      <Filter>Source Files</Filter>
    </ClCompile>
    <ClCompile Include="DetourProximityGrid.cpp">
      <Filter>Source Files</Filter>
    </ClCompile>
    <ClCompile Include="DetourPathQueue.cpp">
      <Filter>Source Files</Filter>
    </ClCompile>
    <ClCompile Include="DetourPathCorridor.cpp">
      <Filter>Source Files</Filter>
    </ClCompile>
    <ClCompile Include="DetourObstacleAvoidance.cpp">
      <Filter>Source Files</Filter>
    </ClCompile>
    <ClCompile Include="DetourNode.cpp">
      <Filter>Source Files</Filter>
    </ClCompile>
    <ClCompile Include="DetourNavMeshQuery.cpp">
      <Filter>Source Files</Filter>
    </ClCompile>
    <ClCompile Include="DetourNavMeshBuilder.cpp">
      <Filter>Source Files</Filter>
    </ClCompile>
    <ClCompile Include="DetourNavMesh.cpp">
      <Filter>Source Files</Filter>
    </ClCompile>
    <ClCompile Include="DetourLocalBoundary.cpp">
      <Filter>Source Files</Filter>
    </ClCompile>
    <ClCompile Include="DetourCrowd.cpp">
      <Filter>Source Files</Filter>
    </ClCompile>
    <ClCompile Include="DetourCommon.cpp">
      <Filter>Source Files</Filter>
    </ClCompile>
    <ClCompile Include="DetourAlloc.cpp">
      <Filter>Source Files</Filter>
    </ClCompile>
  </ItemGroup>
  <ItemGroup>
    <ClInclude Include="DetourAlloc.h">
      <Filter>Header Files</Filter>
    </ClInclude>
    <ClInclude Include="DetourAssert.h">
      <Filter>Header Files</Filter>
    </ClInclude>
    <ClInclude Include="DetourCommon.h">
      <Filter>Header Files</Filter>
    </ClInclude>
    <ClInclude Include="DetourCrowd.h">
      <Filter>Header Files</Filter>
    </ClInclude>
    <ClInclude Include="DetourLocalBoundary.h">
      <Filter>Header Files</Filter>
    </ClInclude>
    <ClInclude Include="DetourMath.h">
      <Filter>Header Files</Filter>
    </ClInclude>
    <ClInclude Include="DetourNavMesh.h">
      <Filter>Header Files</Filter>
    </ClInclude>
    <ClInclude Include="DetourNavMeshBuilder.h">
      <Filter>Header Files</Filter>
    </ClInclude>
    <ClInclude Include="DetourNavMeshQuery.h">
      <Filter>Header Files</Filter>
    </ClInclude>
    <ClInclude Include="DetourNode.h">
      <Filter>Header Files</Filter>
    </ClInclude>
    <ClInclude Include="DetourObstacleAvoidance.h">
      <Filter>Header Files</Filter>
    </ClInclude>
    <ClInclude Include="DetourPathCorridor.h">
      <Filter>Header Files</Filter>
    </ClInclude>
    <ClInclude Include="DetourPathQueue.h">
      <Filter>Header Files</Filter>
    </ClInclude>
    <ClInclude Include="DetourProximityGrid.h">
      <Filter>Header Files</Filter>
    </ClInclude>
    <ClInclude Include="DetourStatus.h">
      <Filter>Header Files</Filter>
    </ClInclude>
    <ClInclude Include="DetourTileCache.h">
      <Filter>Header Files</Filter>
    </ClInclude>
    <ClInclude Include="DetourTileCacheBuilder.h">
      <Filter>Header Files</Filter>
    </ClInclude>
    <ClInclude Include="Recast.h">
      <Filter>Header Files</Filter>
    </ClInclude>
    <ClInclude Include="RecastAlloc.h">
      <Filter>Header Files</Filter>
    </ClInclude>
    <ClInclude Include="RecastAssert.h">
      <Filter>Header Files</Filter>
    </ClInclude>
  </ItemGroup>
</Project>