<?xml version="1.0" encoding="UTF-8" standalone="yes" ?>
<CodeBlocks_project_file>
	<FileVersion major="1" minor="6" />
	<Project>
		<Option title="NFCore" />
		<Option pch_mode="2" />
		<Option compiler="gcc" />
		<Build>
			<Target title="Debug x64">
				<Option output="$(SolutionDir)/_Out/Debug/NFCore_d" prefix_auto="0" extension_auto="1" />
				<Option working_dir="$(SolutionDir)/_Out/Debug" />
				<Option object_output=".objs/Debug" />
				<Option type="3" />
				<Option compiler="gcc" />
				<Option createDefFile="1" />
				<Compiler>
					<Add option="-std=c++11" />
					<Add option="-g" />
					<Add option="-fPIC" />
					<Add option="-D_X64" />
					<Add option="-D_DEBUG" />
					<Add directory="$(SolutionDir)" />
					<Add directory="$(SolutionDir)/Dependencies/Theron/Include/" />
					<Add directory="$(SolutionDir)/Dependencies/" />
				</Compiler>
				<Linker>
					<Add directory="$(BOOST_LIB)" />
				</Linker>
				<Environment>
					<Variable name="SolutionDir" value="../../" />
				</Environment>
			</Target>
			<Target title="Release x64">
				<Option output="$(SolutionDir)/_Out/Release/NFCore" prefix_auto="0" extension_auto="1" />
				<Option working_dir="$(SolutionDir)/_Out/Release" />
				<Option object_output=".objs/Release" />
				<Option type="3" />
				<Option compiler="gcc" />
				<Option createDefFile="1" />
				<Compiler>
					<Add option="-std=c++11" />
					<Add option="-fPIC" />
					<Add option="-D_X64" />
					<Add option="-DNDEBUG" />
					<Add directory="$(SolutionDir)" />
					<Add directory="$(SolutionDir)/Dependencies/Theron/Include/" />
					<Add directory="$(SolutionDir)/Dependencies/" />
				</Compiler>
				<Environment>
					<Variable name="SolutionDir" value="../../" />
				</Environment>
			</Target>
		</Build>
<Unit filename="NFBox.hpp" />
<Unit filename="NFCComponentManager.h" />
<Unit filename="NFCConsistentHash.hpp" />
<Unit filename="NFCMemManager.hpp" />
<Unit filename="NFCObject.h" />
<Unit filename="NFCProperty.h" />
<Unit filename="NFCPropertyManager.h" />
<Unit filename="NFCRecordManager.h" />
<Unit filename="NFDataList.hpp" />
<Unit filename="NFDateTime.hpp" />
<Unit filename="NFException.hpp" />
<Unit filename="NFIComponent.h" />
<Unit filename="NFIComponentManager.h" />
<Unit filename="NFLine.hpp" />
<Unit filename="NFMapEx.hpp" />
<Unit filename="NFMemoryCounter.hpp" />
<Unit filename="NFPlane.hpp" />
<Unit filename="NFRay.hpp" />
<Unit filename="NFSingleton.hpp" />
<Unit filename="NFSpaceNode.hpp" />
<Unit filename="NFSphere.hpp" />
<Unit filename="NFCRecord.h" />
<Unit filename="NFIObject.h" />
<Unit filename="NFIProperty.h" />
<Unit filename="NFIPropertyManager.h" />
<Unit filename="NFIRecord.h" />
<Unit filename="NFIRecordManager.h" />
<Unit filename="NFList.hpp" />
<Unit filename="NFVector2.hpp" />
<Unit filename="NFVector3.hpp" />
<Unit filename="NFCComponentManager.cpp" />
<Unit filename="NFCObject.cpp" />
<Unit filename="NFCProperty.cpp" />
<Unit filename="NFCPropertyManager.cpp" />
<Unit filename="NFCRecordManager.cpp" />
<Unit filename="NFCRecord.cpp" />
		<Extensions>
			<code_completion />
			<envvars />
			<debugger />
		</Extensions>
	</Project>
</CodeBlocks_project_file>
