<?xml version="1.0" encoding="UTF-8" standalone="yes" ?>
<CodeBlocks_project_file>
	<FileVersion major="1" minor="6" />
	<Project>
		<Option title="NFCore" />
		<Option pch_mode="2" />
		<Option compiler="gcc" />
		<Build>
			<Target title="Debug x64">
				<Option output="$(SolutionDir)/_Out/Comm/Debug/NFCore_d" prefix_auto="0" extension_auto="1" />
				<Option working_dir="" />
				<Option object_output=".objs/Debug" />
				<Option type="2" />
				<Option compiler="gcc" />
				<Option createDefFile="1" />
				<Compiler>
					<Add option="-std=c++11" />
					<Add option="-g" />
					<Add option="-fPIC" />
					<Add option="-D_X64" />
					<Add option="-D_DEBUG" />
					<Add directory="$(SolutionDir)" />
					<Add directory="$(SolutionDir)/Dependencies/Theron/Include/" />
					<Add directory="$(SolutionDir)/Dependencies/" />
				</Compiler>
				<Linker>
					<Add directory="$(BOOST_LIB)" />
				</Linker>
				<Environment>
					<Variable name="SolutionDir" value="../../" />
				</Environment>
			</Target>
			<Target title="Release x64">
				<Option output="$(SolutionDir)/_Out/Comm/Release/NFCore" prefix_auto="0" extension_auto="1" />
				<Option working_dir="" />
				<Option object_output=".objs/Release" />
				<Option type="2" />
				<Option compiler="gcc" />
				<Option createDefFile="1" />
				<Compiler>
					<Add option="-std=c++11" />
					<Add option="-fPIC" />
					<Add option="-D_X64" />
					<Add option="-DNDEBUG" />
					<Add directory="$(SolutionDir)" />
					<Add directory="$(SolutionDir)/Dependencies/Theron/Include/" />
					<Add directory="$(SolutionDir)/Dependencies/" />
				</Compiler>
				<Environment>
					<Variable name="SolutionDir" value="../../" />
				</Environment>
			</Target>
		</Build>
		<Unit filename="NFCAddConsistentHash.hpp" />
		<Unit filename="NFCComponentManager.cpp" />
		<Unit filename="NFCComponentManager.h" />
		<Unit filename="NFCConsistentHash.hpp" />
		<Unit filename="NFCDataList.cpp" />
		<Unit filename="NFCDataList.h" />
		<Unit filename="NFCEventManager.cpp" />
		<Unit filename="NFCEventManager.h" />
		<Unit filename="NFCHeartBeatManager.cpp" />
		<Unit filename="NFCHeartBeatManager.h" />
		<Unit filename="NFCMemManger.cpp" />
		<Unit filename="NFCMemManger.h" />
		<Unit filename="NFCObject.cpp" />
		<Unit filename="NFCObject.h" />
		<Unit filename="NFCProperty.cpp" />
		<Unit filename="NFCProperty.h" />
		<Unit filename="NFCPropertyManager.cpp" />
		<Unit filename="NFCPropertyManager.h" />
		<Unit filename="NFCRecord.cpp" />
		<Unit filename="NFCRecord.h" />
		<Unit filename="NFCRecordManager.cpp" />
		<Unit filename="NFCRecordManager.h" />
		<Unit filename="NFCore.cpp" />
		<Unit filename="NFCore.h" />
		<Unit filename="NFDefine.h" />
		<Unit filename="NFIComponent.h" />
		<Unit filename="NFIComponentManager.h" />
		<Unit filename="NFIDataList.h" />
		<Unit filename="NFIEventManager.h" />
		<Unit filename="NFIHeartBeatManager.h" />
		<Unit filename="NFIMemory.h" />
		<Unit filename="NFIObject.h" />
		<Unit filename="NFIProperty.h" />
		<Unit filename="NFIPropertyManager.h" />
		<Unit filename="NFIRecord.h" />
		<Unit filename="NFIRecordManager.h" />
		<Unit filename="NFList.h" />
		<Unit filename="NFMap.h" />
		<Unit filename="NFMapEx.h" />
		<Unit filename="NFQueue.h" />
		<Unit filename="NFSingleton.h" />
		<Unit filename="NFTimer.cpp" />
		<Unit filename="NFTimer.h" />
		<Unit filename="ReadMe.txt" />
		<Extensions>
			<code_completion />
			<envvars />
			<debugger />
		</Extensions>
	</Project>
</CodeBlocks_project_file>
