<?xml version="1.0" encoding="utf-8"?>
<Project ToolsVersion="4.0" xmlns="http://schemas.microsoft.com/developer/msbuild/2003">
  <ItemGroup>
    <Filter Include="Source Files">
      <UniqueIdentifier>{4FC737F1-C7A5-4376-A066-2A32D752A2FF}</UniqueIdentifier>
      <Extensions>cpp;c;cc;cxx;def;odl;idl;hpj;bat;asm;asmx</Extensions>
    </Filter>
    <Filter Include="Header Files">
      <UniqueIdentifier>{93995380-89BD-4b04-88EB-625FBE52EBFB}</UniqueIdentifier>
      <Extensions>h;hpp;hxx;hm;inl;inc;xsd</Extensions>
    </Filter>
  </ItemGroup>
  <ItemGroup>
    <ClInclude Include="NFCore.h" />
    <ClInclude Include="NFCRecord.h">
      <Filter>Header Files</Filter>
    </ClInclude>
    <ClInclude Include="NFDefine.h">
      <Filter>Header Files</Filter>
    </ClInclude>
    <ClInclude Include="NFIdentID.h">
      <Filter>Header Files</Filter>
    </ClInclude>
    <ClInclude Include="NFIObject.h">
      <Filter>Header Files</Filter>
    </ClInclude>
    <ClInclude Include="NFIRecord.h">
      <Filter>Header Files</Filter>
    </ClInclude>
    <ClInclude Include="NFPlatform.h">
      <Filter>Header Files</Filter>
    </ClInclude>
    <ClInclude Include="NFList.h">
      <Filter>Header Files</Filter>
    </ClInclude>
    <ClInclude Include="NFMap.h">
      <Filter>Header Files</Filter>
    </ClInclude>
    <ClInclude Include="NFIRecordManager.h">
      <Filter>Header Files</Filter>
    </ClInclude>
    <ClInclude Include="NFCRecordManager.h">
      <Filter>Header Files</Filter>
    </ClInclude>
    <ClInclude Include="NFIPropertyManager.h">
      <Filter>Header Files</Filter>
    </ClInclude>
    <ClInclude Include="NFCPropertyManager.h">
      <Filter>Header Files</Filter>
    </ClInclude>
    <ClInclude Include="NFCProperty.h">
      <Filter>Header Files</Filter>
    </ClInclude>
    <ClInclude Include="NFIProperty.h">
      <Filter>Header Files</Filter>
    </ClInclude>
    <ClInclude Include="NFSingleton.h">
      <Filter>Header Files</Filter>
    </ClInclude>
    <ClInclude Include="NFCHeartBeatManager.h">
      <Filter>Header Files</Filter>
    </ClInclude>
    <ClInclude Include="NFIHeartBeatManager.h">
      <Filter>Header Files</Filter>
    </ClInclude>
    <ClInclude Include="NFCComponent.h">
      <Filter>Header Files</Filter>
    </ClInclude>
    <ClInclude Include="NFCComponentManager.h">
      <Filter>Header Files</Filter>
    </ClInclude>
    <ClInclude Include="NFIComponent.h">
      <Filter>Header Files</Filter>
    </ClInclude>
    <ClInclude Include="NFIComponentManager.h">
      <Filter>Header Files</Filter>
    </ClInclude>
    <ClInclude Include="NFTimer.h">
      <Filter>Header Files</Filter>
    </ClInclude>
    <ClInclude Include="NFQueue.h">
      <Filter>Header Files</Filter>
    </ClInclude>
    <ClInclude Include="NFCObject.h">
      <Filter>Header Files</Filter>
    </ClInclude>
    <ClInclude Include="NFCDataList.h">
      <Filter>Header Files</Filter>
    </ClInclude>
    <ClInclude Include="NFIDataList.h">
      <Filter>Header Files</Filter>
    </ClInclude>
  </ItemGroup>
  <ItemGroup>
    <ClCompile Include="NFCore.cpp" />
    <ClCompile Include="NFCRecord.cpp">
      <Filter>Source Files</Filter>
    </ClCompile>
    <ClCompile Include="NFCRecordManager.cpp">
      <Filter>Source Files</Filter>
    </ClCompile>
    <ClCompile Include="NFCPropertyManager.cpp">
      <Filter>Source Files</Filter>
    </ClCompile>
    <ClCompile Include="NFCProperty.cpp">
      <Filter>Source Files</Filter>
    </ClCompile>
    <ClCompile Include="NFCHeartBeatManager.cpp">
      <Filter>Source Files</Filter>
    </ClCompile>
    <ClCompile Include="NFCComponent.cpp">
      <Filter>Source Files</Filter>
    </ClCompile>
    <ClCompile Include="NFCComponentManager.cpp">
      <Filter>Source Files</Filter>
    </ClCompile>
    <ClCompile Include="NFTimer.cpp">
      <Filter>Header Files</Filter>
    </ClCompile>
    <ClCompile Include="NFCObject.cpp">
      <Filter>Source Files</Filter>
    </ClCompile>
    <ClCompile Include="NFCDataList.cpp">
      <Filter>Source Files</Filter>
    </ClCompile>
  </ItemGroup>
</Project>