<?xml version="1.0" encoding="utf-8"?>
<Project ToolsVersion="4.0" xmlns="http://schemas.microsoft.com/developer/msbuild/2003">
  <ItemGroup>
    <Filter Include="Source Files">
      <UniqueIdentifier>{4FC737F1-C7A5-4376-A066-2A32D752A2FF}</UniqueIdentifier>
      <Extensions>cpp;c;cc;cxx;def;odl;idl;hpj;bat;asm;asmx</Extensions>
    </Filter>
    <Filter Include="Header Files">
      <UniqueIdentifier>{93995380-89BD-4b04-88EB-625FBE52EBFB}</UniqueIdentifier>
      <Extensions>h;hpp;hxx;hm;inl;inc;xsd</Extensions>
    </Filter>
    <Filter Include="Math">
      <UniqueIdentifier>{6790f136-7d33-4974-a041-1b9e1b73b615}</UniqueIdentifier>
    </Filter>
    <Filter Include="Unit">
      <UniqueIdentifier>{79f51951-d5bb-48f2-b1d4-569c3e7acdb0}</UniqueIdentifier>
    </Filter>
  </ItemGroup>
  <ItemGroup>
    <ClInclude Include="NFIObject.h">
      <Filter>Header Files</Filter>
    </ClInclude>
    <ClInclude Include="NFIRecord.h">
      <Filter>Header Files</Filter>
    </ClInclude>
    <ClInclude Include="NFIRecordManager.h">
      <Filter>Header Files</Filter>
    </ClInclude>
    <ClInclude Include="NFIPropertyManager.h">
      <Filter>Header Files</Filter>
    </ClInclude>
    <ClInclude Include="NFIProperty.h">
      <Filter>Header Files</Filter>
    </ClInclude>
    <ClInclude Include="NFVector3.hpp">
      <Filter>Math</Filter>
    </ClInclude>
    <ClInclude Include="NFVector2.hpp">
      <Filter>Math</Filter>
    </ClInclude>
    <ClInclude Include="NFBox.hpp">
      <Filter>Math</Filter>
    </ClInclude>
    <ClInclude Include="NFLine.hpp">
      <Filter>Math</Filter>
    </ClInclude>
    <ClInclude Include="NFPlane.hpp">
      <Filter>Math</Filter>
    </ClInclude>
    <ClInclude Include="NFRay.hpp">
      <Filter>Math</Filter>
    </ClInclude>
    <ClInclude Include="NFSphere.hpp">
      <Filter>Math</Filter>
    </ClInclude>
    <ClInclude Include="NFMapEx.hpp">
      <Filter>Unit</Filter>
    </ClInclude>
    <ClInclude Include="NFList.hpp">
      <Filter>Unit</Filter>
    </ClInclude>
    <ClInclude Include="NFSpaceNode.hpp">
      <Filter>Math</Filter>
    </ClInclude>
    <ClInclude Include="NFDateTime.hpp">
      <Filter>Unit</Filter>
    </ClInclude>
    <ClInclude Include="NFMemoryCounter.hpp">
      <Filter>Unit</Filter>
    </ClInclude>
    <ClInclude Include="NFDataList.hpp">
      <Filter>Unit</Filter>
    </ClInclude>
    <ClInclude Include="NFMemManager.hpp">
      <Filter>Unit</Filter>
    </ClInclude>
    <ClInclude Include="NFConsistentHash.hpp">
      <Filter>Unit</Filter>
    </ClInclude>
    <ClInclude Include="NFException.h">
      <Filter>Unit</Filter>
    </ClInclude>
    <ClInclude Include="NFPerformance.hpp">
      <Filter>Unit</Filter>
    </ClInclude>
    <ClInclude Include="NFObject.h">
      <Filter>Header Files</Filter>
    </ClInclude>
    <ClInclude Include="NFPropertyManager.h">
      <Filter>Header Files</Filter>
    </ClInclude>
    <ClInclude Include="NFRecord.h">
      <Filter>Header Files</Filter>
    </ClInclude>
    <ClInclude Include="NFRecordManager.h">
      <Filter>Header Files</Filter>
    </ClInclude>
    <ClInclude Include="NFProperty.h">
      <Filter>Header Files</Filter>
    </ClInclude>
    <ClInclude Include="NFQueue.hpp">
      <Filter>Unit</Filter>
    </ClInclude>
    <ClInclude Include="NFSmartEnum.hpp">
      <Filter>Unit</Filter>
    </ClInclude>
    <ClInclude Include="NFStringRingBuffer.hpp">
      <Filter>Unit</Filter>
    </ClInclude>
  </ItemGroup>
  <ItemGroup>
    <ClCompile Include="NFException.cpp">
      <Filter>Source Files</Filter>
    </ClCompile>
    <ClCompile Include="NFObject.cpp">
      <Filter>Source Files</Filter>
    </ClCompile>
    <ClCompile Include="NFProperty.cpp">
      <Filter>Source Files</Filter>
    </ClCompile>
    <ClCompile Include="NFPropertyManager.cpp">
      <Filter>Source Files</Filter>
    </ClCompile>
    <ClCompile Include="NFRecord.cpp">
      <Filter>Source Files</Filter>
    </ClCompile>
    <ClCompile Include="NFRecordManager.cpp">
      <Filter>Source Files</Filter>
    </ClCompile>
    <ClCompile Include="NFMemoryCounter.cpp">
      <Filter>Unit</Filter>
    </ClCompile>
  </ItemGroup>
</Project>