<?xml version="1.0" encoding="UTF-8" standalone="yes" ?>
<CodeBlocks_project_file>
	<FileVersion major="1" minor="6" />
	<Project>
		<Option title="lua" />
		<Option pch_mode="2" />
		<Option compiler="gcc" />
		<Build>
			<Target title="Debug x64">
				<Option output="lua" prefix_auto="1" extension_auto="1" />
				<Option working_dir="" />
				<Option type="2" />
				<Option compiler="gcc" />
				<Option createDefFile="1" />
				<Compiler>
					<Add option="-DWIN32" />
					<Add option="-D_DEBUG" />
					<Add option="-D_LIB" />
				</Compiler>
			</Target>
			<Target title="Release x64">
				<Option output="lua" prefix_auto="1" extension_auto="1" />
				<Option working_dir="" />
				<Option type="2" />
				<Option compiler="gcc" />
				<Option createDefFile="1" />
				<Compiler>
					<Add option="-DWIN32" />
					<Add option="-DNDEBUG" />
					<Add option="-D_LIB" />
				</Compiler>
			</Target>
			<Target title="Release Win32">
				<Option output="lua" prefix_auto="1" extension_auto="1" />
				<Option working_dir="" />
				<Option type="2" />
				<Option compiler="gcc" />
				<Option createDefFile="1" />
				<Compiler>
					<Add option="-DWIN32" />
					<Add option="-DNDEBUG" />
					<Add option="-D_LIB" />
				</Compiler>
			</Target>
			<Target title="Debug Win32">
				<Option output="lua" prefix_auto="1" extension_auto="1" />
				<Option working_dir="" />
				<Option type="2" />
				<Option compiler="gcc" />
				<Option createDefFile="1" />
				<Compiler>
					<Add option="-DWIN32" />
					<Add option="-D_DEBUG" />
					<Add option="-D_LIB" />
				</Compiler>
			</Target>
		</Build>
		<Unit filename="../src/lapi.c">
			<Option compilerVar="CC" />
		</Unit>
		<Unit filename="../src/lapi.h" />
		<Unit filename="../src/lauxlib.c">
			<Option compilerVar="CC" />
		</Unit>
		<Unit filename="../src/lauxlib.h" />
		<Unit filename="../src/lbaselib.c">
			<Option compilerVar="CC" />
		</Unit>
		<Unit filename="../src/lcode.c">
			<Option compilerVar="CC" />
		</Unit>
		<Unit filename="../src/lcode.h" />
		<Unit filename="../src/ldblib.c">
			<Option compilerVar="CC" />
		</Unit>
		<Unit filename="../src/ldebug.c">
			<Option compilerVar="CC" />
		</Unit>
		<Unit filename="../src/ldebug.h" />
		<Unit filename="../src/ldo.c">
			<Option compilerVar="CC" />
		</Unit>
		<Unit filename="../src/ldo.h" />
		<Unit filename="../src/ldump.c">
			<Option compilerVar="CC" />
		</Unit>
		<Unit filename="../src/lfunc.c">
			<Option compilerVar="CC" />
		</Unit>
		<Unit filename="../src/lfunc.h" />
		<Unit filename="../src/lgc.c">
			<Option compilerVar="CC" />
		</Unit>
		<Unit filename="../src/lgc.h" />
		<Unit filename="../src/linit.c">
			<Option compilerVar="CC" />
		</Unit>
		<Unit filename="../src/liolib.c">
			<Option compilerVar="CC" />
		</Unit>
		<Unit filename="../src/llex.c">
			<Option compilerVar="CC" />
		</Unit>
		<Unit filename="../src/llex.h" />
		<Unit filename="../src/llimits.h" />
		<Unit filename="../src/lmathlib.c">
			<Option compilerVar="CC" />
		</Unit>
		<Unit filename="../src/lmem.c">
			<Option compilerVar="CC" />
		</Unit>
		<Unit filename="../src/lmem.h" />
		<Unit filename="../src/loadlib.c">
			<Option compilerVar="CC" />
		</Unit>
		<Unit filename="../src/lobject.c">
			<Option compilerVar="CC" />
		</Unit>
		<Unit filename="../src/lobject.h" />
		<Unit filename="../src/lopcodes.c">
			<Option compilerVar="CC" />
		</Unit>
		<Unit filename="../src/lopcodes.h" />
		<Unit filename="../src/loslib.c">
			<Option compilerVar="CC" />
		</Unit>
		<Unit filename="../src/lparser.c">
			<Option compilerVar="CC" />
		</Unit>
		<Unit filename="../src/lparser.h" />
		<Unit filename="../src/lstate.c">
			<Option compilerVar="CC" />
		</Unit>
		<Unit filename="../src/lstate.h" />
		<Unit filename="../src/lstring.c">
			<Option compilerVar="CC" />
		</Unit>
		<Unit filename="../src/lstring.h" />
		<Unit filename="../src/lstrlib.c">
			<Option compilerVar="CC" />
		</Unit>
		<Unit filename="../src/ltable.c">
			<Option compilerVar="CC" />
		</Unit>
		<Unit filename="../src/ltable.h" />
		<Unit filename="../src/ltablib.c">
			<Option compilerVar="CC" />
		</Unit>
		<Unit filename="../src/ltm.c">
			<Option compilerVar="CC" />
		</Unit>
		<Unit filename="../src/ltm.h" />
		<Unit filename="../src/lua.c">
			<Option compilerVar="CC" />
		</Unit>
		<Unit filename="../src/lua.h" />
		<Unit filename="../src/luac.c">
			<Option compilerVar="CC" />
		</Unit>
		<Unit filename="../src/luaconf.h" />
		<Unit filename="../src/lualib.h" />
		<Unit filename="../src/lundump.c">
			<Option compilerVar="CC" />
		</Unit>
		<Unit filename="../src/lundump.h" />
		<Unit filename="../src/lvm.c">
			<Option compilerVar="CC" />
		</Unit>
		<Unit filename="../src/lvm.h" />
		<Unit filename="../src/lzio.c">
			<Option compilerVar="CC" />
		</Unit>
		<Unit filename="../src/lzio.h" />
		<Unit filename="../src/print.c">
			<Option compilerVar="CC" />
		</Unit>
		<Extensions>
			<envvars />
			<code_completion />
			<lib_finder disable_auto="1" />
			<debugger />
		</Extensions>
	</Project>
</CodeBlocks_project_file>
