<?xml version="1.0" encoding="UTF-8" standalone="yes" ?>
<CodeBlocks_project_file>
	<FileVersion major="1" minor="6" />
	<Project>
		<Option title="NFPluginLoader" />
		<Option pch_mode="2" />
		<Option compiler="gcc" />
		<Build>
			<Target title="Debug x64">
				<Option output="NFPluginLoader" prefix_auto="1" extension_auto="1" />
				<Option type="0" />
				<Option compiler="gcc" />
				<Compiler>
					<Add option="-std=c++11" />
					<Add option="-fpic" />
					<Add option="-D_X64" />
					<Add option="-D_DEBUG" />
					<Add directory="../../../trunk" />
					<Add directory="../../../trunk/Dependencies/" />
					<Add directory="../../../trunk/Dependencies/boost_1_53_0/" />
					<Add directory="../../../trunk/Dependencies/Theron-6.00.01/Include/" />
					<Add directory="../../../trunk/Dependencies/Theron-6.00.01/Include/External/" />
				</Compiler>
				<Linker>
					<Add directory="../../../trunk/_Out/Comm/$(Configuration)/" />
					<Add directory="../../../trunk/Dependencies/lib/$(Configuration)/" />
					<Add directory="../../../trunk/Dependencies/boost_1_53_0/stage/lib/x64/vs11_0/" />
				</Linker>
			</Target>
			<Target title="Release x64">
				<Option output="NFPluginLoader" prefix_auto="1" extension_auto="1" />
				<Option type="0" />
				<Option compiler="gcc" />
				<Compiler>
					<Add option="-std=c++11" />
					<Add option="-fpic" />
					<Add option="-D_X64" />
					<Add option="-DNDEBUG" />
					<Add directory="../../../trunk" />
					<Add directory="../../../trunk/Dependencies/" />
					<Add directory="../../../trunk/Dependencies/boost_1_53_0/" />
					<Add directory="../../../trunk/Dependencies/Theron-6.00.01/Include/" />
					<Add directory="../../../trunk/Dependencies/Theron-6.00.01/Include/External/" />
				</Compiler>
				<Linker>
					<Add directory="../../../trunk/_Out/Comm/$(Configuration)/" />
					<Add directory="../../../trunk/Dependencies/lib/$(Configuration)/" />
					<Add directory="../../../trunk/Dependencies/boost_1_53_0/stage/lib/x64/vs11_0/" />
				</Linker>
			</Target>
		</Build>
		<Unit filename="NFCActorManager.cpp" />
		<Unit filename="NFCActorManager.h" />
		<Unit filename="NFCDynLib.cpp" />
		<Unit filename="NFCDynLib.h" />
		<Unit filename="NFCPluginManager.cpp" />
		<Unit filename="NFCPluginManager.h" />
		<Unit filename="NFPluginLoader.cpp" />
		<Extensions>
			<envvars />
			<code_completion />
			<lib_finder disable_auto="1" />
			<debugger />
		</Extensions>
	</Project>
</CodeBlocks_project_file>
