
Microsoft Visual Studio Solution File, Format Version 11.00
# Visual Studio 2010
Project("{8BC9CEB8-8B4A-11D0-8D11-00A0C91BC942}") = "Theron", "Theron\Theron.vcxproj", "{8C0827D2-EFA0-427B-96B2-A92158E7812F}"
EndProject
Project("{8BC9CEB8-8B4A-11D0-8D11-00A0C91BC942}") = "Tests", "Tests\Tests.vcxproj", "{6ECD43E4-606E-4F3D-BDC8-2FAE1136DE6A}"
EndProject
Project("{2150E333-8FDC-42A3-9474-1A3956D46DE8}") = "Benchmarks", "Benchmarks", "{F3FC25AB-2E8D-4FE0-9630-33025EDDE9B4}"
EndProject
Project("{8BC9CEB8-8B4A-11D0-8D11-00A0C91BC942}") = "ParallelThreadRing", "Benchmarks\ParallelThreadRing\ParallelThreadRing.vcxproj", "{2C5DFD25-EA55-4EC0-A95C-E62B2453A09A}"
EndProject
Project("{8BC9CEB8-8B4A-11D0-8D11-00A0C91BC942}") = "PingPong", "Benchmarks\PingPong\PingPong.vcxproj", "{207B57A0-D053-4848-A3C5-7FD15ECF124D}"
EndProject
Project("{8BC9CEB8-8B4A-11D0-8D11-00A0C91BC942}") = "ThreadRing", "Benchmarks\ThreadRing\ThreadRing.vcxproj", "{4CC318EE-C057-4CF1-9A6C-AE6F1D947A9F}"
EndProject
Project("{2150E333-8FDC-42A3-9474-1A3956D46DE8}") = "Tutorial", "Tutorial", "{9B028138-7643-47D9-A6C1-8EA6DC1C5A72}"
EndProject
Project("{8BC9CEB8-8B4A-11D0-8D11-00A0C91BC942}") = "HelloWorld", "Tutorial\HelloWorld\HelloWorld.vcxproj", "{7CD9C339-3759-4A11-BD52-99E6726199C1}"
EndProject
Project("{8BC9CEB8-8B4A-11D0-8D11-00A0C91BC942}") = "CustomAllocators", "Tutorial\CustomAllocators\CustomAllocators.vcxproj", "{22354BF8-268D-4EC2-9A1D-5BAAA0975CA7}"
EndProject
Project("{8BC9CEB8-8B4A-11D0-8D11-00A0C91BC942}") = "Alignment", "Tutorial\Alignment\Alignment.vcxproj", "{3E1A857B-69A1-47CF-B6A1-7F9DFAB3D4DD}"
EndProject
Project("{8BC9CEB8-8B4A-11D0-8D11-00A0C91BC942}") = "UnhandledMessages", "Tutorial\UnhandledMessages\UnhandledMessages.vcxproj", "{F88184A1-4F27-4DF8-8A6E-D9DCCB888BD3}"
EndProject
Project("{8BC9CEB8-8B4A-11D0-8D11-00A0C91BC942}") = "MessageRegistration", "Tutorial\MessageRegistration\MessageRegistration.vcxproj", "{9AD58C5C-3C7D-4B36-AD01-10A88E0E8722}"
EndProject
Project("{8BC9CEB8-8B4A-11D0-8D11-00A0C91BC942}") = "FileReader", "Tutorial\FileReader\FileReader.vcxproj", "{22D2B8D5-B171-4BEC-B5B9-3B30D6D94402}"
EndProject
Project("{8BC9CEB8-8B4A-11D0-8D11-00A0C91BC942}") = "Client", "Tutorial\Client\Client.vcxproj", "{F460E2CF-78EB-41A6-A15C-32E68F71C8DA}"
EndProject
Project("{8BC9CEB8-8B4A-11D0-8D11-00A0C91BC942}") = "Server", "Tutorial\Server\Server.vcxproj", "{D6628C79-80DB-463C-81BD-D07E0D77C13C}"
EndProject
Project("{8BC9CEB8-8B4A-11D0-8D11-00A0C91BC942}") = "PrimeFactors", "Benchmarks\PrimeFactors\PrimeFactors.vcxproj", "{6FC95F00-0E6A-422D-8AD3-982C5A0111CC}"
EndProject
Global
	GlobalSection(SolutionConfigurationPlatforms) = preSolution
		Debug|Win32 = Debug|Win32
		Debug|x64 = Debug|x64
		Release|Win32 = Release|Win32
		Release|x64 = Release|x64
	EndGlobalSection
	GlobalSection(ProjectConfigurationPlatforms) = postSolution
		{8C0827D2-EFA0-427B-96B2-A92158E7812F}.Debug|Win32.ActiveCfg = Debug|Win32
		{8C0827D2-EFA0-427B-96B2-A92158E7812F}.Debug|Win32.Build.0 = Debug|Win32
		{8C0827D2-EFA0-427B-96B2-A92158E7812F}.Debug|x64.ActiveCfg = Debug|x64
		{8C0827D2-EFA0-427B-96B2-A92158E7812F}.Debug|x64.Build.0 = Debug|x64
		{8C0827D2-EFA0-427B-96B2-A92158E7812F}.Release|Win32.ActiveCfg = Release|Win32
		{8C0827D2-EFA0-427B-96B2-A92158E7812F}.Release|Win32.Build.0 = Release|Win32
		{8C0827D2-EFA0-427B-96B2-A92158E7812F}.Release|x64.ActiveCfg = Release|x64
		{8C0827D2-EFA0-427B-96B2-A92158E7812F}.Release|x64.Build.0 = Release|x64
		{6ECD43E4-606E-4F3D-BDC8-2FAE1136DE6A}.Debug|Win32.ActiveCfg = Debug|Win32
		{6ECD43E4-606E-4F3D-BDC8-2FAE1136DE6A}.Debug|Win32.Build.0 = Debug|Win32
		{6ECD43E4-606E-4F3D-BDC8-2FAE1136DE6A}.Debug|x64.ActiveCfg = Debug|x64
		{6ECD43E4-606E-4F3D-BDC8-2FAE1136DE6A}.Debug|x64.Build.0 = Debug|x64
		{6ECD43E4-606E-4F3D-BDC8-2FAE1136DE6A}.Release|Win32.ActiveCfg = Release|Win32
		{6ECD43E4-606E-4F3D-BDC8-2FAE1136DE6A}.Release|Win32.Build.0 = Release|Win32
		{6ECD43E4-606E-4F3D-BDC8-2FAE1136DE6A}.Release|x64.ActiveCfg = Release|x64
		{6ECD43E4-606E-4F3D-BDC8-2FAE1136DE6A}.Release|x64.Build.0 = Release|x64
		{2C5DFD25-EA55-4EC0-A95C-E62B2453A09A}.Debug|Win32.ActiveCfg = Debug|Win32
		{2C5DFD25-EA55-4EC0-A95C-E62B2453A09A}.Debug|Win32.Build.0 = Debug|Win32
		{2C5DFD25-EA55-4EC0-A95C-E62B2453A09A}.Debug|x64.ActiveCfg = Debug|x64
		{2C5DFD25-EA55-4EC0-A95C-E62B2453A09A}.Debug|x64.Build.0 = Debug|x64
		{2C5DFD25-EA55-4EC0-A95C-E62B2453A09A}.Release|Win32.ActiveCfg = Release|Win32
		{2C5DFD25-EA55-4EC0-A95C-E62B2453A09A}.Release|Win32.Build.0 = Release|Win32
		{2C5DFD25-EA55-4EC0-A95C-E62B2453A09A}.Release|x64.ActiveCfg = Release|x64
		{2C5DFD25-EA55-4EC0-A95C-E62B2453A09A}.Release|x64.Build.0 = Release|x64
		{207B57A0-D053-4848-A3C5-7FD15ECF124D}.Debug|Win32.ActiveCfg = Debug|Win32
		{207B57A0-D053-4848-A3C5-7FD15ECF124D}.Debug|Win32.Build.0 = Debug|Win32
		{207B57A0-D053-4848-A3C5-7FD15ECF124D}.Debug|x64.ActiveCfg = Debug|x64
		{207B57A0-D053-4848-A3C5-7FD15ECF124D}.Debug|x64.Build.0 = Debug|x64
		{207B57A0-D053-4848-A3C5-7FD15ECF124D}.Release|Win32.ActiveCfg = Release|Win32
		{207B57A0-D053-4848-A3C5-7FD15ECF124D}.Release|Win32.Build.0 = Release|Win32
		{207B57A0-D053-4848-A3C5-7FD15ECF124D}.Release|x64.ActiveCfg = Release|x64
		{207B57A0-D053-4848-A3C5-7FD15ECF124D}.Release|x64.Build.0 = Release|x64
		{4CC318EE-C057-4CF1-9A6C-AE6F1D947A9F}.Debug|Win32.ActiveCfg = Debug|Win32
		{4CC318EE-C057-4CF1-9A6C-AE6F1D947A9F}.Debug|Win32.Build.0 = Debug|Win32
		{4CC318EE-C057-4CF1-9A6C-AE6F1D947A9F}.Debug|x64.ActiveCfg = Debug|x64
		{4CC318EE-C057-4CF1-9A6C-AE6F1D947A9F}.Debug|x64.Build.0 = Debug|x64
		{4CC318EE-C057-4CF1-9A6C-AE6F1D947A9F}.Release|Win32.ActiveCfg = Release|Win32
		{4CC318EE-C057-4CF1-9A6C-AE6F1D947A9F}.Release|Win32.Build.0 = Release|Win32
		{4CC318EE-C057-4CF1-9A6C-AE6F1D947A9F}.Release|x64.ActiveCfg = Release|x64
		{4CC318EE-C057-4CF1-9A6C-AE6F1D947A9F}.Release|x64.Build.0 = Release|x64
		{7CD9C339-3759-4A11-BD52-99E6726199C1}.Debug|Win32.ActiveCfg = Debug|Win32
		{7CD9C339-3759-4A11-BD52-99E6726199C1}.Debug|Win32.Build.0 = Debug|Win32
		{7CD9C339-3759-4A11-BD52-99E6726199C1}.Debug|x64.ActiveCfg = Debug|x64
		{7CD9C339-3759-4A11-BD52-99E6726199C1}.Debug|x64.Build.0 = Debug|x64
		{7CD9C339-3759-4A11-BD52-99E6726199C1}.Release|Win32.ActiveCfg = Release|Win32
		{7CD9C339-3759-4A11-BD52-99E6726199C1}.Release|Win32.Build.0 = Release|Win32
		{7CD9C339-3759-4A11-BD52-99E6726199C1}.Release|x64.ActiveCfg = Release|x64
		{7CD9C339-3759-4A11-BD52-99E6726199C1}.Release|x64.Build.0 = Release|x64
		{22354BF8-268D-4EC2-9A1D-5BAAA0975CA7}.Debug|Win32.ActiveCfg = Debug|Win32
		{22354BF8-268D-4EC2-9A1D-5BAAA0975CA7}.Debug|Win32.Build.0 = Debug|Win32
		{22354BF8-268D-4EC2-9A1D-5BAAA0975CA7}.Debug|x64.ActiveCfg = Debug|x64
		{22354BF8-268D-4EC2-9A1D-5BAAA0975CA7}.Debug|x64.Build.0 = Debug|x64
		{22354BF8-268D-4EC2-9A1D-5BAAA0975CA7}.Release|Win32.ActiveCfg = Release|Win32
		{22354BF8-268D-4EC2-9A1D-5BAAA0975CA7}.Release|Win32.Build.0 = Release|Win32
		{22354BF8-268D-4EC2-9A1D-5BAAA0975CA7}.Release|x64.ActiveCfg = Release|x64
		{22354BF8-268D-4EC2-9A1D-5BAAA0975CA7}.Release|x64.Build.0 = Release|x64
		{3E1A857B-69A1-47CF-B6A1-7F9DFAB3D4DD}.Debug|Win32.ActiveCfg = Debug|Win32
		{3E1A857B-69A1-47CF-B6A1-7F9DFAB3D4DD}.Debug|Win32.Build.0 = Debug|Win32
		{3E1A857B-69A1-47CF-B6A1-7F9DFAB3D4DD}.Debug|x64.ActiveCfg = Debug|x64
		{3E1A857B-69A1-47CF-B6A1-7F9DFAB3D4DD}.Debug|x64.Build.0 = Debug|x64
		{3E1A857B-69A1-47CF-B6A1-7F9DFAB3D4DD}.Release|Win32.ActiveCfg = Release|Win32
		{3E1A857B-69A1-47CF-B6A1-7F9DFAB3D4DD}.Release|Win32.Build.0 = Release|Win32
		{3E1A857B-69A1-47CF-B6A1-7F9DFAB3D4DD}.Release|x64.ActiveCfg = Release|x64
		{3E1A857B-69A1-47CF-B6A1-7F9DFAB3D4DD}.Release|x64.Build.0 = Release|x64
		{F88184A1-4F27-4DF8-8A6E-D9DCCB888BD3}.Debug|Win32.ActiveCfg = Debug|Win32
		{F88184A1-4F27-4DF8-8A6E-D9DCCB888BD3}.Debug|Win32.Build.0 = Debug|Win32
		{F88184A1-4F27-4DF8-8A6E-D9DCCB888BD3}.Debug|x64.ActiveCfg = Debug|x64
		{F88184A1-4F27-4DF8-8A6E-D9DCCB888BD3}.Debug|x64.Build.0 = Debug|x64
		{F88184A1-4F27-4DF8-8A6E-D9DCCB888BD3}.Release|Win32.ActiveCfg = Release|Win32
		{F88184A1-4F27-4DF8-8A6E-D9DCCB888BD3}.Release|Win32.Build.0 = Release|Win32
		{F88184A1-4F27-4DF8-8A6E-D9DCCB888BD3}.Release|x64.ActiveCfg = Release|x64
		{F88184A1-4F27-4DF8-8A6E-D9DCCB888BD3}.Release|x64.Build.0 = Release|x64
		{9AD58C5C-3C7D-4B36-AD01-10A88E0E8722}.Debug|Win32.ActiveCfg = Debug|Win32
		{9AD58C5C-3C7D-4B36-AD01-10A88E0E8722}.Debug|Win32.Build.0 = Debug|Win32
		{9AD58C5C-3C7D-4B36-AD01-10A88E0E8722}.Debug|x64.ActiveCfg = Debug|x64
		{9AD58C5C-3C7D-4B36-AD01-10A88E0E8722}.Debug|x64.Build.0 = Debug|x64
		{9AD58C5C-3C7D-4B36-AD01-10A88E0E8722}.Release|Win32.ActiveCfg = Release|Win32
		{9AD58C5C-3C7D-4B36-AD01-10A88E0E8722}.Release|Win32.Build.0 = Release|Win32
		{9AD58C5C-3C7D-4B36-AD01-10A88E0E8722}.Release|x64.ActiveCfg = Release|x64
		{9AD58C5C-3C7D-4B36-AD01-10A88E0E8722}.Release|x64.Build.0 = Release|x64
		{22D2B8D5-B171-4BEC-B5B9-3B30D6D94402}.Debug|Win32.ActiveCfg = Debug|Win32
		{22D2B8D5-B171-4BEC-B5B9-3B30D6D94402}.Debug|Win32.Build.0 = Debug|Win32
		{22D2B8D5-B171-4BEC-B5B9-3B30D6D94402}.Debug|x64.ActiveCfg = Debug|x64
		{22D2B8D5-B171-4BEC-B5B9-3B30D6D94402}.Debug|x64.Build.0 = Debug|x64
		{22D2B8D5-B171-4BEC-B5B9-3B30D6D94402}.Release|Win32.ActiveCfg = Release|Win32
		{22D2B8D5-B171-4BEC-B5B9-3B30D6D94402}.Release|Win32.Build.0 = Release|Win32
		{22D2B8D5-B171-4BEC-B5B9-3B30D6D94402}.Release|x64.ActiveCfg = Release|x64
		{22D2B8D5-B171-4BEC-B5B9-3B30D6D94402}.Release|x64.Build.0 = Release|x64
		{F460E2CF-78EB-41A6-A15C-32E68F71C8DA}.Debug|Win32.ActiveCfg = Debug|Win32
		{F460E2CF-78EB-41A6-A15C-32E68F71C8DA}.Debug|Win32.Build.0 = Debug|Win32
		{F460E2CF-78EB-41A6-A15C-32E68F71C8DA}.Debug|x64.ActiveCfg = Debug|x64
		{F460E2CF-78EB-41A6-A15C-32E68F71C8DA}.Debug|x64.Build.0 = Debug|x64
		{F460E2CF-78EB-41A6-A15C-32E68F71C8DA}.Release|Win32.ActiveCfg = Release|Win32
		{F460E2CF-78EB-41A6-A15C-32E68F71C8DA}.Release|Win32.Build.0 = Release|Win32
		{F460E2CF-78EB-41A6-A15C-32E68F71C8DA}.Release|x64.ActiveCfg = Release|x64
		{F460E2CF-78EB-41A6-A15C-32E68F71C8DA}.Release|x64.Build.0 = Release|x64
		{D6628C79-80DB-463C-81BD-D07E0D77C13C}.Debug|Win32.ActiveCfg = Debug|Win32
		{D6628C79-80DB-463C-81BD-D07E0D77C13C}.Debug|Win32.Build.0 = Debug|Win32
		{D6628C79-80DB-463C-81BD-D07E0D77C13C}.Debug|x64.ActiveCfg = Debug|x64
		{D6628C79-80DB-463C-81BD-D07E0D77C13C}.Debug|x64.Build.0 = Debug|x64
		{D6628C79-80DB-463C-81BD-D07E0D77C13C}.Release|Win32.ActiveCfg = Release|Win32
		{D6628C79-80DB-463C-81BD-D07E0D77C13C}.Release|Win32.Build.0 = Release|Win32
		{D6628C79-80DB-463C-81BD-D07E0D77C13C}.Release|x64.ActiveCfg = Release|x64
		{D6628C79-80DB-463C-81BD-D07E0D77C13C}.Release|x64.Build.0 = Release|x64
		{6FC95F00-0E6A-422D-8AD3-982C5A0111CC}.Debug|Win32.ActiveCfg = Debug|Win32
		{6FC95F00-0E6A-422D-8AD3-982C5A0111CC}.Debug|Win32.Build.0 = Debug|Win32
		{6FC95F00-0E6A-422D-8AD3-982C5A0111CC}.Debug|x64.ActiveCfg = Debug|x64
		{6FC95F00-0E6A-422D-8AD3-982C5A0111CC}.Debug|x64.Build.0 = Debug|x64
		{6FC95F00-0E6A-422D-8AD3-982C5A0111CC}.Release|Win32.ActiveCfg = Release|Win32
		{6FC95F00-0E6A-422D-8AD3-982C5A0111CC}.Release|Win32.Build.0 = Release|Win32
		{6FC95F00-0E6A-422D-8AD3-982C5A0111CC}.Release|x64.ActiveCfg = Release|x64
		{6FC95F00-0E6A-422D-8AD3-982C5A0111CC}.Release|x64.Build.0 = Release|x64
	EndGlobalSection
	GlobalSection(SolutionProperties) = preSolution
		HideSolutionNode = FALSE
	EndGlobalSection
	GlobalSection(NestedProjects) = preSolution
		{2C5DFD25-EA55-4EC0-A95C-E62B2453A09A} = {F3FC25AB-2E8D-4FE0-9630-33025EDDE9B4}
		{207B57A0-D053-4848-A3C5-7FD15ECF124D} = {F3FC25AB-2E8D-4FE0-9630-33025EDDE9B4}
		{4CC318EE-C057-4CF1-9A6C-AE6F1D947A9F} = {F3FC25AB-2E8D-4FE0-9630-33025EDDE9B4}
		{6FC95F00-0E6A-422D-8AD3-982C5A0111CC} = {F3FC25AB-2E8D-4FE0-9630-33025EDDE9B4}
		{7CD9C339-3759-4A11-BD52-99E6726199C1} = {9B028138-7643-47D9-A6C1-8EA6DC1C5A72}
		{22354BF8-268D-4EC2-9A1D-5BAAA0975CA7} = {9B028138-7643-47D9-A6C1-8EA6DC1C5A72}
		{3E1A857B-69A1-47CF-B6A1-7F9DFAB3D4DD} = {9B028138-7643-47D9-A6C1-8EA6DC1C5A72}
		{F88184A1-4F27-4DF8-8A6E-D9DCCB888BD3} = {9B028138-7643-47D9-A6C1-8EA6DC1C5A72}
		{9AD58C5C-3C7D-4B36-AD01-10A88E0E8722} = {9B028138-7643-47D9-A6C1-8EA6DC1C5A72}
		{22D2B8D5-B171-4BEC-B5B9-3B30D6D94402} = {9B028138-7643-47D9-A6C1-8EA6DC1C5A72}
		{F460E2CF-78EB-41A6-A15C-32E68F71C8DA} = {9B028138-7643-47D9-A6C1-8EA6DC1C5A72}
		{D6628C79-80DB-463C-81BD-D07E0D77C13C} = {9B028138-7643-47D9-A6C1-8EA6DC1C5A72}
	EndGlobalSection
EndGlobal
