<?xml version="1.0" encoding="utf-8"?>
<Project ToolsVersion="4.0" xmlns="http://schemas.microsoft.com/developer/msbuild/2003">
  <ItemGroup>
    <ClInclude Include="NFWorldLogicPlugin.h" />
    <ClInclude Include="NFCWorldLogicModule.h" />
    <ClInclude Include="NFCTeamModule.h">
      <Filter>NFTeamModule</Filter>
    </ClInclude>
    <ClInclude Include="NFCPVPMatchModule.h">
      <Filter>PVPMatchModule</Filter>
    </ClInclude>
  </ItemGroup>
  <ItemGroup>
    <ClCompile Include="dllmain.cpp" />
    <ClCompile Include="NFWorldLogicPlugin.cpp" />
    <ClCompile Include="NFCWorldLogicModule.cpp" />
    <ClCompile Include="NFCTeamModule.cpp">
      <Filter>NFTeamModule</Filter>
    </ClCompile>
    <ClCompile Include="NFCPVPMatchModule.cpp">
      <Filter>PVPMatchModule</Filter>
    </ClCompile>
  </ItemGroup>
  <ItemGroup>
    <Filter Include="NFRankModule">
      <UniqueIdentifier>{5487df7b-1497-4fe0-a820-a751656f9fb9}</UniqueIdentifier>
    </Filter>
    <Filter Include="NFTeamModule">
      <UniqueIdentifier>{a20c02a9-6f6d-4686-ba18-e1aa539e2482}</UniqueIdentifier>
    </Filter>
    <Filter Include="PVPMatchModule">
      <UniqueIdentifier>{740242e0-aa90-40c1-959d-f05543f89865}</UniqueIdentifier>
    </Filter>
  </ItemGroup>
</Project>