<?xml version="1.0" encoding="utf-8"?>
<Project ToolsVersion="4.0" xmlns="http://schemas.microsoft.com/developer/msbuild/2003">
  <ItemGroup>
    <ClInclude Include="NFWorldLogicPlugin.h" />
    <ClInclude Include="NFCWorldLogicModule.h" />
    <ClInclude Include="NFCWSSwichServerModule.h" />
    <ClInclude Include="NFCTeamBroadcastModule.h">
      <Filter>Team</Filter>
    </ClInclude>
    <ClInclude Include="NFCTeamModule.h">
      <Filter>Team</Filter>
    </ClInclude>
    <ClInclude Include="NFCTeamDataModule.h">
      <Filter>Team</Filter>
    </ClInclude>
  </ItemGroup>
  <ItemGroup>
    <ClCompile Include="dllmain.cpp" />
    <ClCompile Include="NFWorldLogicPlugin.cpp" />
    <ClCompile Include="NFCWorldLogicModule.cpp" />
    <ClCompile Include="NFCWSSwichServerModule.cpp" />
    <ClCompile Include="NFCTeamBroadcastModule.cpp">
      <Filter>Team</Filter>
    </ClCompile>
    <ClCompile Include="NFCTeamModule.cpp">
      <Filter>Team</Filter>
    </ClCompile>
    <ClCompile Include="NFCTeamDataModule.cpp">
      <Filter>Team</Filter>
    </ClCompile>
  </ItemGroup>
  <ItemGroup>
    <Filter Include="NFRankModule">
      <UniqueIdentifier>{5487df7b-1497-4fe0-a820-a751656f9fb9}</UniqueIdentifier>
    </Filter>
    <Filter Include="Team">
      <UniqueIdentifier>{e72cf13a-002d-43fa-bd05-795cecf7a15b}</UniqueIdentifier>
    </Filter>
  </ItemGroup>
</Project>