<?xml version="1.0" encoding="UTF-8"?>
<Project ToolsVersion="14.0" xmlns="http://schemas.microsoft.com/developer/msbuild/2003">
  <ItemGroup>
    <ClCompile Include="D:\Documents\Downloads\protobuf-cpp-3.6.1\protobuf-3.6.1\src\google\protobuf\compiler\mock_code_generator.cc">
      <Filter>Source Files</Filter>
    </ClCompile>
    <ClCompile Include="D:\Documents\Downloads\protobuf-cpp-3.6.1\protobuf-3.6.1\src\google\protobuf\testing\file.cc">
      <Filter>Source Files</Filter>
    </ClCompile>
    <ClCompile Include="D:\Documents\Downloads\protobuf-cpp-3.6.1\protobuf-3.6.1\src\google\protobuf\compiler\test_plugin.cc">
      <Filter>Source Files</Filter>
    </ClCompile>
  </ItemGroup>
  <ItemGroup>
    <ClInclude Include="D:\Documents\Downloads\protobuf-cpp-3.6.1\protobuf-3.6.1\src\google\protobuf\testing\file.h">
      <Filter>Header Files</Filter>
    </ClInclude>
  </ItemGroup>
  <ItemGroup>
    <CustomBuild Include="D:\Documents\Downloads\protobuf-cpp-3.6.1\protobuf-3.6.1\cmake\CMakeLists.txt" />
  </ItemGroup>
  <ItemGroup>
    <Filter Include="Source Files">
      <UniqueIdentifier>{58D62646-FD68-354E-8F81-17294913DA25}</UniqueIdentifier>
    </Filter>
    <Filter Include="Header Files">
      <UniqueIdentifier>{8B012502-CF20-32C9-AD77-C3D43A7806C0}</UniqueIdentifier>
    </Filter>
  </ItemGroup>
</Project>
