<?xml version="1.0" encoding="utf-8"?>
<Project ToolsVersion="4.0" xmlns="http://schemas.microsoft.com/developer/msbuild/2003">
  <ItemGroup>
    <Filter Include="NFSceneModule">
      <UniqueIdentifier>{d60b14e4-c04c-46c0-ab8e-f0d3b6bdddbf}</UniqueIdentifier>
    </Filter>
    <Filter Include="NFPropertyModule">
      <UniqueIdentifier>{8e42431a-1328-4cf4-8d08-38101ed10817}</UniqueIdentifier>
    </Filter>
    <Filter Include="NFNPCRefreshModule">
      <UniqueIdentifier>{c918611e-a4d0-445a-98cd-c048b4f6d003}</UniqueIdentifier>
    </Filter>
    <Filter Include="NFRoleModule">
      <UniqueIdentifier>{1431a766-328f-4a0b-b09b-fb7314439da7}</UniqueIdentifier>
    </Filter>
    <Filter Include="NFSyncModule">
      <UniqueIdentifier>{e50b7301-9914-4009-8fbb-686e76d838a6}</UniqueIdentifier>
    </Filter>
  </ItemGroup>
  <ItemGroup>
    <ClInclude Include="NFGameServerPlugin.h" />
    <ClInclude Include="NFGameServerModule.h" />
    <ClInclude Include="NFSceneProcessModule.h">
      <Filter>NFSceneModule</Filter>
    </ClInclude>
    <ClInclude Include="NFPropertyConfigModule.h">
      <Filter>NFPropertyModule</Filter>
    </ClInclude>
    <ClInclude Include="NFPropertyModule.h">
      <Filter>NFPropertyModule</Filter>
    </ClInclude>
    <ClInclude Include="NFNPCRefreshModule.h">
      <Filter>NFNPCRefreshModule</Filter>
    </ClInclude>
    <ClInclude Include="NFCreateRoleModule.h">
      <Filter>NFRoleModule</Filter>
    </ClInclude>
    <ClInclude Include="NFSyncModule.h">
      <Filter>NFSyncModule</Filter>
    </ClInclude>
  </ItemGroup>
  <ItemGroup>
    <ClCompile Include="dllmain.cpp" />
    <ClCompile Include="NFGameServerPlugin.cpp" />
    <ClCompile Include="NFGameServerModule.cpp" />
    <ClCompile Include="NFSceneProcessModule.cpp">
      <Filter>NFSceneModule</Filter>
    </ClCompile>
    <ClCompile Include="NFPropertyConfigModule.cpp">
      <Filter>NFPropertyModule</Filter>
    </ClCompile>
    <ClCompile Include="NFPropertyModule.cpp">
      <Filter>NFPropertyModule</Filter>
    </ClCompile>
    <ClCompile Include="NFNPCRefreshModule.cpp">
      <Filter>NFNPCRefreshModule</Filter>
    </ClCompile>
    <ClCompile Include="NFCreateRoleModule.cpp">
      <Filter>NFRoleModule</Filter>
    </ClCompile>
    <ClCompile Include="NFSyncModule.cpp">
      <Filter>NFSyncModule</Filter>
    </ClCompile>
  </ItemGroup>
</Project>