<?xml version="1.0" encoding="utf-8"?>
<Project ToolsVersion="4.0" xmlns="http://schemas.microsoft.com/developer/msbuild/2003">
  <ItemGroup>
    <Filter Include="NFBuffModule">
      <UniqueIdentifier>{4FC737F1-C7A5-4376-A066-2A32D752A2FF}</UniqueIdentifier>
      <Extensions>cpp;c;cc;cxx;def;odl;idl;hpj;bat;asm;asmx</Extensions>
    </Filter>
    <Filter Include="NFItemModule">
      <UniqueIdentifier>{aca86d9b-804f-493c-99f8-fbaa0a951d79}</UniqueIdentifier>
    </Filter>
    <Filter Include="NFLevelModule">
      <UniqueIdentifier>{aa533cce-b50a-4d4d-8afa-bb17e50e601b}</UniqueIdentifier>
    </Filter>
    <Filter Include="NFSkillModule">
      <UniqueIdentifier>{64e4498b-a722-4265-83c7-878f6081a67f}</UniqueIdentifier>
    </Filter>
    <Filter Include="NFSceneModule">
      <UniqueIdentifier>{d60b14e4-c04c-46c0-ab8e-f0d3b6bdddbf}</UniqueIdentifier>
    </Filter>
    <Filter Include="NFPropertyModule">
      <UniqueIdentifier>{8e42431a-1328-4cf4-8d08-38101ed10817}</UniqueIdentifier>
    </Filter>
    <Filter Include="NFPackModule">
      <UniqueIdentifier>{c6ede39e-606e-4c1c-af62-bd5348fb7990}</UniqueIdentifier>
    </Filter>
    <Filter Include="NFNPCRefreshModule">
      <UniqueIdentifier>{d866329b-6a9d-4c06-821b-b1443152f268}</UniqueIdentifier>
    </Filter>
    <Filter Include="NFDataProcessModule">
      <UniqueIdentifier>{ab24bac9-1d0d-4fdc-b5de-72433c4b2753}</UniqueIdentifier>
    </Filter>
  </ItemGroup>
  <ItemGroup>
    <ClInclude Include="NFGameServerPlugin.h" />
    <ClInclude Include="NFCGameLogicModule.h" />
    <ClInclude Include="NFCSceneProcessModule.h">
      <Filter>NFSceneModule</Filter>
    </ClInclude>
    <ClInclude Include="NFCGameServerConfigModule.h">
      <Filter>NFSceneModule</Filter>
    </ClInclude>
    <ClInclude Include="NFCPropertyModule.h">
      <Filter>NFPropertyModule</Filter>
    </ClInclude>
    <ClInclude Include="NFCBuffModule.h">
      <Filter>NFBuffModule</Filter>
    </ClInclude>
    <ClInclude Include="NFCSkillModule.h">
      <Filter>NFSkillModule</Filter>
    </ClInclude>
    <ClInclude Include="NFCItemModule.h">
      <Filter>NFItemModule</Filter>
    </ClInclude>
    <ClInclude Include="NFCPackModule.h">
      <Filter>NFPackModule</Filter>
    </ClInclude>
    <ClInclude Include="NFCLevelModule.h">
      <Filter>NFLevelModule</Filter>
    </ClInclude>
    <ClInclude Include="NFCLevelConfigModule.h">
      <Filter>NFLevelModule</Filter>
    </ClInclude>
    <ClInclude Include="NFCItemConsumeManagerModule.h">
      <Filter>NFItemModule</Filter>
    </ClInclude>
    <ClInclude Include="NFCSkillConsumeManagerModule.h">
      <Filter>NFSkillModule</Filter>
    </ClInclude>
    <ClInclude Include="NFCPropertyConfigModule.h">
      <Filter>NFPropertyModule</Filter>
    </ClInclude>
    <ClInclude Include="NFCBriefSkillConsumeProcessModule.h">
      <Filter>NFSkillModule</Filter>
    </ClInclude>
    <ClInclude Include="NFCBulletSkillConsumeProcessModule.h">
      <Filter>NFSkillModule</Filter>
    </ClInclude>
    <ClInclude Include="NFCCardItemConsumeProcessModule.h">
      <Filter>NFItemModule</Filter>
    </ClInclude>
    <ClInclude Include="NFCPotionItemConsumeProcessModule.h">
      <Filter>NFItemModule</Filter>
    </ClInclude>
    <ClInclude Include="NFCNPCRefreshModule.h">
      <Filter>NFNPCRefreshModule</Filter>
    </ClInclude>
    <ClInclude Include="NFCRebornItemConsumeProcessModule.h">
      <Filter>NFItemModule</Filter>
    </ClInclude>
    <ClInclude Include="NFCDataProcessModule.h">
      <Filter>NFDataProcessModule</Filter>
    </ClInclude>
  </ItemGroup>
  <ItemGroup>
    <ClCompile Include="dllmain.cpp" />
    <ClCompile Include="NFGameServerPlugin.cpp" />
    <ClCompile Include="NFCGameLogicModule.cpp" />
    <ClCompile Include="NFCSceneProcessModule.cpp">
      <Filter>NFSceneModule</Filter>
    </ClCompile>
    <ClCompile Include="NFCGameServerConfigModule.cpp">
      <Filter>NFSceneModule</Filter>
    </ClCompile>
    <ClCompile Include="NFCPropertyModule.cpp">
      <Filter>NFPropertyModule</Filter>
    </ClCompile>
    <ClCompile Include="NFCBuffModule.cpp">
      <Filter>NFBuffModule</Filter>
    </ClCompile>
    <ClCompile Include="NFCSkillModule.cpp">
      <Filter>NFSkillModule</Filter>
    </ClCompile>
    <ClCompile Include="NFCItemModule.cpp">
      <Filter>NFItemModule</Filter>
    </ClCompile>
    <ClCompile Include="NFCPackModule.cpp">
      <Filter>NFPackModule</Filter>
    </ClCompile>
    <ClCompile Include="NFCLevelModule.cpp">
      <Filter>NFLevelModule</Filter>
    </ClCompile>
    <ClCompile Include="NFCLevelConfigModule.cpp">
      <Filter>NFLevelModule</Filter>
    </ClCompile>
    <ClCompile Include="NFCItemConsumeManagerModule.cpp">
      <Filter>NFItemModule</Filter>
    </ClCompile>
    <ClCompile Include="NFCSkillConsumeManagerModule.cpp">
      <Filter>NFSkillModule</Filter>
    </ClCompile>
    <ClCompile Include="NFCPropertyConfigModule.cpp">
      <Filter>NFPropertyModule</Filter>
    </ClCompile>
    <ClCompile Include="NFCBriefSkillConsumeProcessModule.cpp">
      <Filter>NFSkillModule</Filter>
    </ClCompile>
    <ClCompile Include="NFCBulletSkillConsumeProcessModule.cpp">
      <Filter>NFSkillModule</Filter>
    </ClCompile>
    <ClCompile Include="NFCCardItemConsumeProcessModule.cpp">
      <Filter>NFItemModule</Filter>
    </ClCompile>
    <ClCompile Include="NFCPotionItemConsumeProcessModule.cpp">
      <Filter>NFItemModule</Filter>
    </ClCompile>
    <ClCompile Include="NFCNPCRefreshModule.cpp">
      <Filter>NFNPCRefreshModule</Filter>
    </ClCompile>
    <ClCompile Include="NFCRebornItemConsumeProcessModule.cpp">
      <Filter>NFItemModule</Filter>
    </ClCompile>
    <ClCompile Include="NFCDataProcessModule.cpp">
      <Filter>NFDataProcessModule</Filter>
    </ClCompile>
  </ItemGroup>
</Project>