<?xml version="1.0" encoding="UTF-8" standalone="yes" ?>
<CodeBlocks_project_file>
	<FileVersion major="1" minor="6" />
	<Project>
		<Option title="NFLoginNet_ClientPlugin" />
		<Option pch_mode="2" />
		<Option compiler="gcc" />
		<Build>
			<Target title="Debug Win32">
				<Option output="NFDataBaseNet_ClientPlugin" prefix_auto="1" extension_auto="1" />
				<Option type="3" />
				<Option compiler="gcc" />
				<Option createDefFile="1" />
				<Option createStaticLib="1" />
				<Compiler>
					<Add option="-DWIN32" />
					<Add option="-D_DEBUG" />
					<Add option="-D_WINDOWS" />
					<Add option="-D_USRDLL" />
					<Add option="-DNFLOGINNET_CLIENTPLUGIN_EXPORTS" />
					<Add directory="$(NF_HOME)" />
				</Compiler>
				<Linker>
					<Add directory="$(NFBIN_COMM)/$(Configuration)" />
					<Add directory="$(APP_DEPLIB)/$(Configuration)" />
				</Linker>
			</Target>
			<Target title="Release Win32">
				<Option output="NFDataBaseNet_ClientPlugin" prefix_auto="1" extension_auto="1" />
				<Option type="3" />
				<Option compiler="gcc" />
				<Option createDefFile="1" />
				<Option createStaticLib="1" />
				<Compiler>
					<Add option="-DWIN32" />
					<Add option="-DNDEBUG" />
					<Add option="-D_WINDOWS" />
					<Add option="-D_USRDLL" />
					<Add option="-DNFLOGINNET_CLIENTPLUGIN_EXPORTS" />
				</Compiler>
			</Target>
		</Build>
		<Unit filename="NFCDataBaseNet_ClientModule.cpp" />
		<Unit filename="NFCDataBaseNet_ClientModule.h" />
		<Unit filename="NFDataBaseNet_ClientPlugin.cpp" />
		<Unit filename="NFDataBaseNet_ClientPlugin.h" />
		<Unit filename="dllmain.cpp" />
		<Extensions>
			<code_completion />
			<envvars />
			<debugger />
		</Extensions>
	</Project>
</CodeBlocks_project_file>
