<?xml version="1.0" encoding="UTF-8" standalone="yes" ?>
<CodeBlocks_project_file>
	<FileVersion major="1" minor="6" />
	<Project>
		<Option title="NFAIPlugin" />
		<Option pch_mode="2" />
		<Option compiler="gcc" />
		<Build>
			<Target title="Debug Win32">
				<Option output="../../_Out/Comm/NFAIPlugin" prefix_auto="1" extension_auto="1" />
				<Option type="3" />
				<Option compiler="gcc" />
				<Option createDefFile="1" />
				<Option createStaticLib="1" />
				<Compiler>
					<Add option="-D_DEBUG" />
					<Add option="-D_USRDLL" />
					<Add option="-DNFAIPLUGIN_EXPORTS" />
					<Add directory="$(NF_HOME)" />
					<Add directory="../../Dependencies/boost_1_53_0/" />
					<Add directory="../../../trunk" />
				</Compiler>
				<Linker>
					<Add directory="$(NFBIN_COMM)/$(Configuration)" />
				</Linker>
			</Target>
			<Target title="Release Win32">
				<Option output="../../_Out/Comm/NFAIPlugin" prefix_auto="1" extension_auto="1" />
				<Option type="3" />
				<Option compiler="gcc" />
				<Option createDefFile="1" />
				<Option createStaticLib="1" />
				<Compiler>
					<Add option="-DWIN32" />
					<Add option="-DNDEBUG" />
					<Add option="-D_WINDOWS" />
					<Add option="-D_USRDLL" />
					<Add option="-DNFAIPLUGIN_EXPORTS" />
					<Add directory="../../../trunk" />
					<Add directory="../../Dependencies/boost_1_53_0" />
				</Compiler>
			</Target>
		</Build>
		<Unit filename="Include/NFCDeadState.h" />
		<Unit filename="Include/NFCFightState.h" />
		<Unit filename="Include/NFCIdleState.h" />
		<Unit filename="Include/NFCPatrolState.h" />
		<Unit filename="Include/NFIState.h" />
		<Unit filename="NFAIPlugin.cpp" />
		<Unit filename="NFAIPlugin.h" />
		<Unit filename="NFCAIModule.cpp" />
		<Unit filename="NFCAIModule.h" />
		<Unit filename="NFCHateModule.cpp" />
		<Unit filename="NFCHateModule.h" />
		<Unit filename="NFCStateMachine.cpp" />
		<Unit filename="NFCStateMachine.h" />
		<Unit filename="NFIHateModule.h" />
		<Unit filename="NFIStateMachine.h" />
		<Unit filename="Src/NFCDeadState.cpp" />
		<Unit filename="Src/NFCFightState.cpp" />
		<Unit filename="Src/NFCIdleState.cpp" />
		<Unit filename="Src/NFCPatrolState.cpp" />
		<Unit filename="dllmain.cpp" />
		<Extensions>
			<code_completion />
			<envvars />
			<debugger />
			<lib_finder disable_auto="1" />
		</Extensions>
	</Project>
</CodeBlocks_project_file>
