<?xml version="1.0" encoding="utf-8"?>
<Project ToolsVersion="4.0" xmlns="http://schemas.microsoft.com/developer/msbuild/2003">
  <ItemGroup>
    <Filter Include="源文件">
      <UniqueIdentifier>{4FC737F1-C7A5-4376-A066-2A32D752A2FF}</UniqueIdentifier>
      <Extensions>cpp;c;cc;cxx;def;odl;idl;hpj;bat;asm;asmx</Extensions>
    </Filter>
    <Filter Include="头文件">
      <UniqueIdentifier>{93995380-89BD-4b04-88EB-625FBE52EBFB}</UniqueIdentifier>
      <Extensions>h;hh;hpp;hxx;hm;inl;inc;xsd</Extensions>
    </Filter>
    <Filter Include="资源文件">
      <UniqueIdentifier>{67DA6AB6-F800-4c08-8B7A-83BB121AAD01}</UniqueIdentifier>
      <Extensions>rc;ico;cur;bmp;dlg;rc2;rct;bin;rgs;gif;jpg;jpeg;jpe;resx;tiff;tif;png;wav;mfcribbon-ms</Extensions>
    </Filter>
  </ItemGroup>
  <ItemGroup>
    <ClInclude Include="..\NFPluginModule\NFGUID.h">
      <Filter>头文件</Filter>
    </ClInclude>
    <ClInclude Include="..\NFPluginModule\NFIAccountRedisModule.h">
      <Filter>头文件</Filter>
    </ClInclude>
    <ClInclude Include="..\NFPluginModule\NFIActor.h">
      <Filter>头文件</Filter>
    </ClInclude>
    <ClInclude Include="..\NFPluginModule\NFIActorModule.h">
      <Filter>头文件</Filter>
    </ClInclude>
    <ClInclude Include="..\NFPluginModule\NFIAIModule.h">
      <Filter>头文件</Filter>
    </ClInclude>
    <ClInclude Include="..\NFPluginModule\NFIAIServerNet_ServerModule.h">
      <Filter>头文件</Filter>
    </ClInclude>
    <ClInclude Include="..\NFPluginModule\NFIAIServerToWorldModule.h">
      <Filter>头文件</Filter>
    </ClInclude>
    <ClInclude Include="..\NFPluginModule\NFIAOIModule.h">
      <Filter>头文件</Filter>
    </ClInclude>
    <ClInclude Include="..\NFPluginModule\NFIAsyMysqlModule.h">
      <Filter>头文件</Filter>
    </ClInclude>
    <ClInclude Include="..\NFPluginModule\NFIBigMapRedisModule.h">
      <Filter>头文件</Filter>
    </ClInclude>
    <ClInclude Include="..\NFPluginModule\NFIBuffConfigModule.h">
      <Filter>头文件</Filter>
    </ClInclude>
    <ClInclude Include="..\NFPluginModule\NFIBuffModule.h">
      <Filter>头文件</Filter>
    </ClInclude>
    <ClInclude Include="..\NFPluginModule\NFICell.h">
      <Filter>头文件</Filter>
    </ClInclude>
    <ClInclude Include="..\NFPluginModule\NFICellManager.h">
      <Filter>头文件</Filter>
    </ClInclude>
    <ClInclude Include="..\NFPluginModule\NFIChatModule.h">
      <Filter>头文件</Filter>
    </ClInclude>
    <ClInclude Include="..\NFPluginModule\NFIClassModule.h">
      <Filter>头文件</Filter>
    </ClInclude>
    <ClInclude Include="..\NFPluginModule\NFICommonConfigModule.h">
      <Filter>头文件</Filter>
    </ClInclude>
    <ClInclude Include="..\NFPluginModule\NFICommonRedisModule.h">
      <Filter>头文件</Filter>
    </ClInclude>
    <ClInclude Include="..\NFPluginModule\NFIComponent.h">
      <Filter>头文件</Filter>
    </ClInclude>
    <ClInclude Include="..\NFPluginModule\NFICoroutineModule.h">
      <Filter>头文件</Filter>
    </ClInclude>
    <ClInclude Include="..\NFPluginModule\NFICreateRoleModule.h">
      <Filter>头文件</Filter>
    </ClInclude>
    <ClInclude Include="..\NFPluginModule\NFIElementModule.h">
      <Filter>头文件</Filter>
    </ClInclude>
    <ClInclude Include="..\NFPluginModule\NFIEquipModule.h">
      <Filter>头文件</Filter>
    </ClInclude>
    <ClInclude Include="..\NFPluginModule\NFIEquipPropertyModule.h">
      <Filter>头文件</Filter>
    </ClInclude>
    <ClInclude Include="..\NFPluginModule\NFIEventModule.h">
      <Filter>头文件</Filter>
    </ClInclude>
    <ClInclude Include="..\NFPluginModule\NFIFriendModule.h">
      <Filter>头文件</Filter>
    </ClInclude>
    <ClInclude Include="..\NFPluginModule\NFIGameServerConfigModule.h">
      <Filter>头文件</Filter>
    </ClInclude>
    <ClInclude Include="..\NFPluginModule\NFIGameServerModule.h">
      <Filter>头文件</Filter>
    </ClInclude>
    <ClInclude Include="..\NFPluginModule\NFIGameServerNet_ClientModule.h">
      <Filter>头文件</Filter>
    </ClInclude>
    <ClInclude Include="..\NFPluginModule\NFIGameServerNet_ServerModule.h">
      <Filter>头文件</Filter>
    </ClInclude>
    <ClInclude Include="..\NFPluginModule\NFIGameServerScriptModule.h">
      <Filter>头文件</Filter>
    </ClInclude>
    <ClInclude Include="..\NFPluginModule\NFIGameServerToWorldModule.h">
      <Filter>头文件</Filter>
    </ClInclude>
    <ClInclude Include="..\NFPluginModule\NFIGmModule.h">
      <Filter>头文件</Filter>
    </ClInclude>
    <ClInclude Include="..\NFPluginModule\NFIGSSwichServerModule.h">
      <Filter>头文件</Filter>
    </ClInclude>
    <ClInclude Include="..\NFPluginModule\NFIGuildModule.h">
      <Filter>头文件</Filter>
    </ClInclude>
    <ClInclude Include="..\NFPluginModule\NFIGuildRedisModule.h">
      <Filter>头文件</Filter>
    </ClInclude>
    <ClInclude Include="..\NFPluginModule\NFIHateModule.h">
      <Filter>头文件</Filter>
    </ClInclude>
    <ClInclude Include="..\NFPluginModule\NFIHeroModule.h">
      <Filter>头文件</Filter>
    </ClInclude>
    <ClInclude Include="..\NFPluginModule\NFIHeroPropertyModule.h">
      <Filter>头文件</Filter>
    </ClInclude>
    <ClInclude Include="..\NFPluginModule\NFIHttpClientModule.h">
      <Filter>头文件</Filter>
    </ClInclude>
    <ClInclude Include="..\NFPluginModule\NFIHttpNetModule.h">
      <Filter>头文件</Filter>
    </ClInclude>
    <ClInclude Include="..\NFPluginModule\NFIItemConsumeManagerModule.h">
      <Filter>头文件</Filter>
    </ClInclude>
    <ClInclude Include="..\NFPluginModule\NFIItemConsumeProcessModule.h">
      <Filter>头文件</Filter>
    </ClInclude>
    <ClInclude Include="..\NFPluginModule\NFIItemModule.h">
      <Filter>头文件</Filter>
    </ClInclude>
    <ClInclude Include="..\NFPluginModule\NFIKernelModule.h">
      <Filter>头文件</Filter>
    </ClInclude>
    <ClInclude Include="..\NFPluginModule\NFILevelModule.h">
      <Filter>头文件</Filter>
    </ClInclude>
    <ClInclude Include="..\NFPluginModule\NFILoginLogicModule.h">
      <Filter>头文件</Filter>
    </ClInclude>
    <ClInclude Include="..\NFPluginModule\NFILoginNet_ServerModule.h">
      <Filter>头文件</Filter>
    </ClInclude>
    <ClInclude Include="..\NFPluginModule\NFILoginToMasterModule.h">
      <Filter>头文件</Filter>
    </ClInclude>
    <ClInclude Include="..\NFPluginModule\NFILogModule.h">
      <Filter>头文件</Filter>
    </ClInclude>
    <ClInclude Include="..\NFPluginModule\NFILuaScriptModule.h">
      <Filter>头文件</Filter>
    </ClInclude>
    <ClInclude Include="..\NFPluginModule\NFIMailModule.h">
      <Filter>头文件</Filter>
    </ClInclude>
    <ClInclude Include="..\NFPluginModule\NFIMailRedisModule.h">
      <Filter>头文件</Filter>
    </ClInclude>
    <ClInclude Include="..\NFPluginModule\NFIMapModule.h">
      <Filter>头文件</Filter>
    </ClInclude>
    <ClInclude Include="..\NFPluginModule\NFIMasterModule.h">
      <Filter>头文件</Filter>
    </ClInclude>
    <ClInclude Include="..\NFPluginModule\NFIMasterNet_HttpServerModule.h">
      <Filter>头文件</Filter>
    </ClInclude>
    <ClInclude Include="..\NFPluginModule\NFIMasterNet_ServerModule.h">
      <Filter>头文件</Filter>
    </ClInclude>
    <ClInclude Include="..\NFPluginModule\NFIModule.h">
      <Filter>头文件</Filter>
    </ClInclude>
    <ClInclude Include="..\NFPluginModule\NFIMoveModule.h">
      <Filter>头文件</Filter>
    </ClInclude>
    <ClInclude Include="..\NFPluginModule\NFIMysqlConnectMgrModule.h">
      <Filter>头文件</Filter>
    </ClInclude>
    <ClInclude Include="..\NFPluginModule\NFIMysqlDriver.h">
      <Filter>头文件</Filter>
    </ClInclude>
    <ClInclude Include="..\NFPluginModule\NFIMysqlDriverManager.h">
      <Filter>头文件</Filter>
    </ClInclude>
    <ClInclude Include="..\NFPluginModule\NFIMysqlModule.h">
      <Filter>头文件</Filter>
    </ClInclude>
    <ClInclude Include="..\NFPluginModule\NFINavigationModule.h">
      <Filter>头文件</Filter>
    </ClInclude>
    <ClInclude Include="..\NFPluginModule\NFINetClientModule.h">
      <Filter>头文件</Filter>
    </ClInclude>
    <ClInclude Include="..\NFPluginModule\NFINetModule.h">
      <Filter>头文件</Filter>
    </ClInclude>
    <ClInclude Include="..\NFPluginModule\NFINoSqlDriver.h">
      <Filter>头文件</Filter>
    </ClInclude>
    <ClInclude Include="..\NFPluginModule\NFINoSqlModule.h">
      <Filter>头文件</Filter>
    </ClInclude>
    <ClInclude Include="..\NFPluginModule\NFINPCRefreshModule.h">
      <Filter>头文件</Filter>
    </ClInclude>
    <ClInclude Include="..\NFPluginModule\NFIPackModule.h">
      <Filter>头文件</Filter>
    </ClInclude>
    <ClInclude Include="..\NFPluginModule\NFIPlayerMysqlModule.h">
      <Filter>头文件</Filter>
    </ClInclude>
    <ClInclude Include="..\NFPluginModule\NFIPlayerRedisModule.h">
      <Filter>头文件</Filter>
    </ClInclude>
    <ClInclude Include="..\NFPluginModule\NFIPlugin.h">
      <Filter>头文件</Filter>
    </ClInclude>
    <ClInclude Include="..\NFPluginModule\NFIPluginManager.h">
      <Filter>头文件</Filter>
    </ClInclude>
    <ClInclude Include="..\NFPluginModule\NFIPropertyConfigModule.h">
      <Filter>头文件</Filter>
    </ClInclude>
    <ClInclude Include="..\NFPluginModule\NFIPropertyModule.h">
      <Filter>头文件</Filter>
    </ClInclude>
    <ClInclude Include="..\NFPluginModule\NFIPropertyTrailModule.h">
      <Filter>头文件</Filter>
    </ClInclude>
    <ClInclude Include="..\NFPluginModule\NFIProxyLogicModule.h">
      <Filter>头文件</Filter>
    </ClInclude>
    <ClInclude Include="..\NFPluginModule\NFIProxyServerNet_ServerModule.h">
      <Filter>头文件</Filter>
    </ClInclude>
    <ClInclude Include="..\NFPluginModule\NFIProxyServerToAIModule.h">
      <Filter>头文件</Filter>
    </ClInclude>
    <ClInclude Include="..\NFPluginModule\NFIProxyServerToGameModule.h">
      <Filter>头文件</Filter>
    </ClInclude>
    <ClInclude Include="..\NFPluginModule\NFIProxyServerToWorldModule.h">
      <Filter>头文件</Filter>
    </ClInclude>
    <ClInclude Include="..\NFPluginModule\NFIPVPModule.h">
      <Filter>头文件</Filter>
    </ClInclude>
    <ClInclude Include="..\NFPluginModule\NFIPVPRedisModule.h">
      <Filter>头文件</Filter>
    </ClInclude>
    <ClInclude Include="..\NFPluginModule\NFIRankModule.h">
      <Filter>头文件</Filter>
    </ClInclude>
    <ClInclude Include="..\NFPluginModule\NFIRankRedisModule.h">
      <Filter>头文件</Filter>
    </ClInclude>
    <ClInclude Include="..\NFPluginModule\NFISceneAOIModule.h">
      <Filter>头文件</Filter>
    </ClInclude>
    <ClInclude Include="..\NFPluginModule\NFISceneProcessModule.h">
      <Filter>头文件</Filter>
    </ClInclude>
    <ClInclude Include="..\NFPluginModule\NFIScheduleModule.h">
      <Filter>头文件</Filter>
    </ClInclude>
    <ClInclude Include="..\NFPluginModule\NFIScriptModule.h">
      <Filter>头文件</Filter>
    </ClInclude>
    <ClInclude Include="..\NFPluginModule\NFISecurityModule.h">
      <Filter>头文件</Filter>
    </ClInclude>
    <ClInclude Include="..\NFPluginModule\NFIShopModule.h">
      <Filter>头文件</Filter>
    </ClInclude>
    <ClInclude Include="..\NFPluginModule\NFISkillConsumeManagerModule.h">
      <Filter>头文件</Filter>
    </ClInclude>
    <ClInclude Include="..\NFPluginModule\NFISkillConsumeProcessModule.h">
      <Filter>头文件</Filter>
    </ClInclude>
    <ClInclude Include="..\NFPluginModule\NFISkillModule.h">
      <Filter>头文件</Filter>
    </ClInclude>
    <ClInclude Include="..\NFPluginModule\NFITagModule.h">
      <Filter>头文件</Filter>
    </ClInclude>
    <ClInclude Include="..\NFPluginModule\NFITaskModule.h">
      <Filter>头文件</Filter>
    </ClInclude>
    <ClInclude Include="..\NFPluginModule\NFITeamBroadcastModule.h">
      <Filter>头文件</Filter>
    </ClInclude>
    <ClInclude Include="..\NFPluginModule\NFITeamDataModule.h">
      <Filter>头文件</Filter>
    </ClInclude>
    <ClInclude Include="..\NFPluginModule\NFITeamModule.h">
      <Filter>头文件</Filter>
    </ClInclude>
    <ClInclude Include="..\NFPluginModule\NFITeamPVPModule.h">
      <Filter>头文件</Filter>
    </ClInclude>
    <ClInclude Include="..\NFPluginModule\NFITileModule.h">
      <Filter>头文件</Filter>
    </ClInclude>
    <ClInclude Include="..\NFPluginModule\NFITotalLineTimeModule.h">
      <Filter>头文件</Filter>
    </ClInclude>
    <ClInclude Include="..\NFPluginModule\NFIUrlClientModule.h">
      <Filter>头文件</Filter>
    </ClInclude>
    <ClInclude Include="..\NFPluginModule\NFIUrlCodeModule.h">
      <Filter>头文件</Filter>
    </ClInclude>
    <ClInclude Include="..\NFPluginModule\NFIUserGiftModule.h">
      <Filter>头文件</Filter>
    </ClInclude>
    <ClInclude Include="..\NFPluginModule\NFIWebsocketModule.h">
      <Filter>头文件</Filter>
    </ClInclude>
    <ClInclude Include="..\NFPluginModule\NFIWorldGuildBroadcastModule.h">
      <Filter>头文件</Filter>
    </ClInclude>
    <ClInclude Include="..\NFPluginModule\NFIWorldGuildDataModule.h">
      <Filter>头文件</Filter>
    </ClInclude>
    <ClInclude Include="..\NFPluginModule\NFIWorldGuildEctypeModule.h">
      <Filter>头文件</Filter>
    </ClInclude>
    <ClInclude Include="..\NFPluginModule\NFIWorldGuildModule.h">
      <Filter>头文件</Filter>
    </ClInclude>
    <ClInclude Include="..\NFPluginModule\NFIWorldLogicModule.h">
      <Filter>头文件</Filter>
    </ClInclude>
    <ClInclude Include="..\NFPluginModule\NFIWorldNet_ServerModule.h">
      <Filter>头文件</Filter>
    </ClInclude>
    <ClInclude Include="..\NFPluginModule\NFIWorldToMasterModule.h">
      <Filter>头文件</Filter>
    </ClInclude>
    <ClInclude Include="..\NFPluginModule\NFIWSSwichServerModule.h">
      <Filter>头文件</Filter>
    </ClInclude>
    <ClInclude Include="..\NFPluginModule\NFPlatform.h">
      <Filter>头文件</Filter>
    </ClInclude>
  </ItemGroup>
</Project>