<?xml version="1.0" encoding="UTF-8" standalone="yes" ?>
<CodeBlocks_project_file>
	<FileVersion major="1" minor="6" />
	<Project>
		<Option title="NFServer" />
		<Option pch_mode="2" />
		<Option compiler="gcc" />
		<Build>
			<Target title="Debug x64">
				<Option output="$(SolutionDir)/_Out/Debug/NFNet_Server" prefix_auto="0" extension_auto="1" />
				<Option working_dir="$(SolutionDir)/_Out/Debug" />
				<Option type="1" />
				<Option compiler="gcc" />
				<Option use_console_runner="0" />
				<Compiler>
					<Add option="-std=c++11" />
					<Add option="-g" />
					<Add option="-fPIC" />
					<Add option="-D_DEBUG" />
					<Add directory="../libevent-2.0.21-stable/" />
					<Add directory="../libevent-2.0.21-stable/include/" />
					<Add directory="../libevent-2.0.21-stable/compat/" />
				</Compiler>
				<Linker>
					<Add option="-lrt" />
					<Add library="../../_Out/Comm/Debug/NFNet_d.a" />
					<Add library="../../_Out/Comm/Debug/libevent.a" />
					<Add library="../../_Out/Comm/Debug/libevent_core.lib" />
					<Add library="../../_Out/Comm/Debug/libevent_extra.a" />
					<Add library="../../_Out/Comm/Debug/libevent_pthreads.a" />
					<Add library="pthread" />
				</Linker>
				<Environment>
					<Variable name="SolutionDir" value="../../" />
				</Environment>
			</Target>
			<Target title="Release x64">
				<Option output="$(SolutionDir)/_Out/Release/NFNet" prefix_auto="0" extension_auto="1" />
				<Option working_dir="" />
				<Option type="2" />
				<Option compiler="gcc" />
				<Option createDefFile="1" />
				<Compiler>
					<Add option="-std=c++11" />
					<Add option="-fPIC" />
					<Add option="-DNDEBUG" />
					<Add directory="$(SolutionDir)/Dependencies/libevent-2.0.21-stable/" />
					<Add directory="$(SolutionDir)/Dependencies/libevent-2.0.21-stable/include/" />
					<Add directory="$(SolutionDir)/Dependencies/libevent-2.0.21-stable/compat/" />
				</Compiler>
				<Environment>
					<Variable name="SolutionDir" value="../../" />
				</Environment>
			</Target>
		</Build>
		<Unit filename="TestServer.cpp" />
		<Extensions>
			<code_completion />
			<envvars />
			<debugger />
		</Extensions>
	</Project>
</CodeBlocks_project_file>
