<?xml version="1.0" encoding="utf-8"?>
<Project ToolsVersion="4.0" xmlns="http://schemas.microsoft.com/developer/msbuild/2003">
  <ItemGroup>
    <ClCompile Include="dllmain.cpp" />
    <ClCompile Include="NFConfigPlugin.cpp" />
    <ClCompile Include="NFClassModule.cpp" />
    <ClCompile Include="NFCommonConfigModule.cpp" />
    <ClCompile Include="NFElementModule.cpp" />
  </ItemGroup>
  <ItemGroup>
    <ClInclude Include="NFConfigPlugin.h" />
    <ClInclude Include="NFClassModule.h" />
    <ClInclude Include="NFCommonConfigModule.h" />
    <ClInclude Include="NFElementModule.h" />
  </ItemGroup>
</Project>