<?xml version="1.0" encoding="UTF-8" standalone="yes" ?>
<CodeBlocks_project_file>
	<FileVersion major="1" minor="6" />
	<Project>
		<Option title="NFConfigPlugin" />
		<Option pch_mode="2" />
		<Option compiler="gcc" />
		<Build>
			<Target title="Debug x64">
				<Option output="$(SolutionDir)/_Out/Debug/NFConfigPlugin_d" prefix_auto="0" extension_auto="1" />
				<Option object_output=".objs/Debug" />
				<Option type="3" />
				<Option compiler="gcc" />
				<Option createDefFile="1" />
				<Option createStaticLib="1" />
				<Compiler>
					<Add option="-std=c++11" />
					<Add option="-g" />
					<Add option="-fPIC" />
					<Add option="-D_DEBUG" />
					<Add option="-D_USRDLL" />
					<Add directory="$(SolutionDir)" />
					<Add directory="$(SolutionDir)/Dependencies/" />
					<Add directory="$(SolutionDir)/Dependencies/Theron/Include/" />
					<Add directory="$(SolutionDir)/Dependencies/Theron/Include/External/" />
				</Compiler>
				<Linker>
					<Add library="$(SolutionDir)/_Out/Debug/NFCore_d.so" />
					<Add directory="$(SolutionDir)/_Out/Debug/" />
					<Add directory="$(SolutionDir)/lib/Debug/" />
				</Linker>
				<Environment>
					<Variable name="SolutionDir" value="../../" />
				</Environment>
			</Target>
			<Target title="Release x64">
				<Option output="$(SolutionDir)/_Out/Release/NFConfigPlugin" prefix_auto="0" extension_auto="1" />
				<Option object_output=".objs/Release" />
				<Option type="3" />
				<Option compiler="gcc" />
				<Option createDefFile="1" />
				<Option createStaticLib="1" />
				<Compiler>
					<Add option="-std=c++11" />
					<Add option="-fPIC" />
					<Add option="-DNDEBUG" />
					<Add option="-D_USRDLL" />
					<Add directory="$(SolutionDir)" />
					<Add directory="$(SolutionDir)/Dependencies/" />
					<Add directory="$(SolutionDir)/Dependencies/Theron/Include/" />
					<Add directory="$(SolutionDir)/Dependencies/Theron/Include/External/" />
				</Compiler>
				<Linker>
					<Add library="$(SolutionDir)/_Out/Release/NFCore.so" />
					<Add directory="$(SolutionDir)/_Out/Release/" />
					<Add directory="$(SolutionDir)/lib/Release/" />
				</Linker>
				<Environment>
					<Variable name="SolutionDir" value="../../" />
				</Environment>
			</Target>
		</Build>
<Unit filename="dllmain.cpp" />
<Unit filename="NFCClassModule.cpp" />
<Unit filename="NFCElementModule.cpp" />
<Unit filename="NFConfigPlugin.cpp" />
<Unit filename="NFCClassModule.h" />
<Unit filename="NFCElementModule.h" />
<Unit filename="NFConfigPlugin.h" />
		<Extensions>
			<code_completion />
			<envvars />
			<debugger />
		</Extensions>
	</Project>
</CodeBlocks_project_file>
