<?xml version="1.0" encoding="UTF-8" standalone="yes" ?>
<CodeBlocks_project_file>
	<FileVersion major="1" minor="6" />
	<Project>
		<Option title="NFGameLogicPlugin" />
		<Option pch_mode="2" />
		<Option compiler="gcc" />
		<Build>
			<Target title="Debug x64">
				<Option output="$(SolutionDir)/_Out/Debug/NFGameLogicPlugin_d" prefix_auto="0" extension_auto="1" />
				<Option type="3" />
				<Option compiler="gcc" />
				<Option createDefFile="1" />
				<Option createStaticLib="1" />
				<Compiler>
					<Add option="-std=c++11" />
					<Add option="-g" />
					<Add option="-fPIC" />
					<Add option="-D_DEBUG" />
					<Add option="-D_USRDLL" />
					<Add option="-DELPP_NO_DEFAULT_LOG_FILE" />
					<Add directory="$(SolutionDir)" />
					<Add directory="$(SolutionDir)/Dependencies/" />
					<Add directory="$(SolutionDir)/Dependencies/libevent/" />
					<Add directory="$(SolutionDir)/Dependencies/libevent/include/" />
					<Add directory="$(SolutionDir)/Dependencies/libevent/compat/" />
					<Add directory="$(SolutionDir)/Dependencies/protobuf/src/" />
					<Add directory="$(SolutionDir)/Dependencies/Theron/Include/" />
					<Add directory="$(SolutionDir)/Dependencies/mysql/" />
				</Compiler>
				<Linker>
					<Add library="libNFMessageDefine_d" />
					<Add library="$(SolutionDir)/_Out/Debug/NFNet_d.a" />
					<Add library="$(SolutionDir)/Dependencies/lib/Debug/libevent.a" />
					<Add library="$(SolutionDir)/Dependencies/lib/Debug/libevent_core.a" />
					<Add library="libprotobuf" />
					<Add directory="$(SolutionDir)/_Out/Debug/" />
					<Add directory="$(SolutionDir)/Dependencies/lib/Debug/" />
				</Linker>
				<ExtraCommands>
				</ExtraCommands>
				<Environment>
					<Variable name="SolutionDir" value="../../" />
				</Environment>
			</Target>
			<Target title="Release x64">
				<Option output="$(SolutionDir)/_Out/Release/NFGameLogicPlugin" prefix_auto="0" extension_auto="1" />
				<Option type="3" />
				<Option compiler="gcc" />
				<Option createDefFile="1" />
				<Option createStaticLib="1" />
				<Compiler>
					<Add option="-std=c++11" />
					<Add option="-fPIC" />
					<Add option="-D_USRDLL" />
					<Add option="-DELPP_NO_DEFAULT_LOG_FILE" />
					<Add directory="$(SolutionDir)" />
					<Add directory="$(SolutionDir)/Dependencies/" />
					<Add directory="$(SolutionDir)/Dependencies/libevent/" />
					<Add directory="$(SolutionDir)/Dependencies/libevent/include/" />
					<Add directory="$(SolutionDir)/Dependencies/libevent/compat/" />
					<Add directory="$(SolutionDir)/Dependencies/protobuf/src/" />
					<Add directory="$(SolutionDir)/Dependencies/Theron/Include/" />
					<Add directory="$(SolutionDir)/Dependencies/mysql/" />
				</Compiler>
				<Linker>
					<Add library="libNFMessageDefine" />
					<Add library="$(SolutionDir)/_Out/Release/NFNet.a" />
					<Add library="$(SolutionDir)/Dependencies/lib/Release/libevent.a" />
					<Add library="$(SolutionDir)/Dependencies/lib/Release/libevent_core.a" />
					<Add library="libprotobuf" />
					<Add directory="$(SolutionDir)/_Out/Release/" />
					<Add directory="$(SolutionDir)/Dependencies/lib/Release/" />
				</Linker>
				<ExtraCommands>
				</ExtraCommands>
				<Environment>
					<Variable name="SolutionDir" value="../../" />
				</Environment>
			</Target>
		</Build>
		<Unit filename="NFCBuffModule.cpp" />
		<Unit filename="NFCBuffModule.h" />
		<Unit filename="NFCGSPVPMatchModule.h" />
		<Unit filename="NFCItemCardConsumeProcessModule.h" />
		<Unit filename="NFCChatModule.h" />
		<Unit filename="NFCCommonConfigModule.h" />
		<Unit filename="NFCEquipModule.h" />
		<Unit filename="NFCEquipPropertyModule.h" />
		<Unit filename="NFCGameLogicModule.h" />
		<Unit filename="NFCGmModule.h" />
		<Unit filename="NFCGSSwichServerModule.h" />
		<Unit filename="NFCGSTeamModule.h" />
		<Unit filename="NFCGuildBroadcastModule.h" />
		<Unit filename="NFCGuildDataModule.h" />
		<Unit filename="NFCGuildEctypeModule.h" />
		<Unit filename="NFCGuildModule.h" />
		<Unit filename="NFCHeroModule.h" />
		<Unit filename="NFCHeroPropertyModule.h" />
		<Unit filename="NFCItemEquipConsumeProcessModule.h" />
		<Unit filename="NFCItemGemConsumeProcessModule.h" />
		<Unit filename="NFCItemItemConsumeProcessModule.h" />
		<Unit filename="NFCItemModule.h" />
		<Unit filename="NFCItemTokenConsumeProcessModule.h" />
		<Unit filename="NFCMailModule.h" />
		<Unit filename="NFCMapModule.h" />
		<Unit filename="NFCNPCRefreshModule.h" />
		<Unit filename="NFCPackModule.h" />
		<Unit filename="NFCPVPModule.h" />
		<Unit filename="NFCRankModule.h" />
		<Unit filename="NFCSkillModule.h" />
		<Unit filename="NFCSLGBuildingModule.h" />
		<Unit filename="NFCSLGShopModule.h" />
		<Unit filename="NFCTaskModule.h" />
		<Unit filename="NFGameLogicPlugin.h" />
		<Unit filename="NFCBuffModule.cpp" />
		<Unit filename="NFCGSPVPMatchModule.cpp" />
		<Unit filename="NFCItemCardConsumeProcessModule.cpp" />
		<Unit filename="NFCChatModule.cpp" />
		<Unit filename="NFCCommonConfigModule.cpp" />
		<Unit filename="NFCEquipModule.cpp" />
		<Unit filename="NFCEquipPropertyModule.cpp" />
		<Unit filename="NFCGameLogicModule.cpp" />
		<Unit filename="NFCGmModule.cpp" />
		<Unit filename="NFCGSSwichServerModule.cpp" />
		<Unit filename="NFCGSTeamModule.cpp" />
		<Unit filename="NFCGuildBroadcastModule.cpp" />
		<Unit filename="NFCGuildDataModule.cpp" />
		<Unit filename="NFCGuildEctypeModule.cpp" />
		<Unit filename="NFCGuildModule.cpp" />
		<Unit filename="NFCHeroModule.cpp" />
		<Unit filename="NFCHeroPropertyModule.cpp" />
		<Unit filename="NFCItemEquipConsumeProcessModule.cpp" />
		<Unit filename="NFCItemGemConsumeProcessModule.cpp" />
		<Unit filename="NFCItemItemConsumeProcessModule.cpp" />
		<Unit filename="NFCItemModule.cpp" />
		<Unit filename="NFCItemTokenConsumeProcessModule.cpp" />
		<Unit filename="NFCMailModule.cpp" />
		<Unit filename="NFCMapModule.cpp" />
		<Unit filename="NFCNPCRefreshModule.cpp" />
		<Unit filename="NFCPackModule.cpp" />
		<Unit filename="NFCPVPModule.cpp" />
		<Unit filename="NFCRankModule.cpp" />
		<Unit filename="NFCSkillModule.cpp" />
		<Unit filename="NFCSLGBuildingModule.cpp" />
		<Unit filename="NFCSLGShopModule.cpp" />
		<Unit filename="NFCTaskModule.cpp" />
		<Unit filename="NFGameLogicPlugin.cpp" />
		<Extensions>
			<code_completion />
			<envvars />
			<debugger />
		</Extensions>
	</Project>
</CodeBlocks_project_file>
