<?xml version="1.0" encoding="UTF-8" standalone="yes" ?>
<CodeBlocks_project_file>
	<FileVersion major="1" minor="6" />
	<Project>
		<Option title="NFGameLogicPlugin" />
		<Option pch_mode="2" />
		<Option compiler="gcc" />
		<Build>
			<Target title="Debug x64">
				<Option output="$(SolutionDir)/_Out/Debug/NFGameLogicPlugin_d" prefix_auto="0" extension_auto="1" />
				<Option type="3" />
				<Option compiler="gcc" />
				<Option createDefFile="1" />
				<Option createStaticLib="1" />
				<Compiler>
					<Add option="-std=c++11" />
					<Add option="-g" />
					<Add option="-fPIC" />
					<Add option="-D_DEBUG" />
					<Add option="-D_USRDLL" />
					<Add option="-DELPP_NO_DEFAULT_LOG_FILE" />
					<Add directory="$(SolutionDir)" />
					<Add directory="$(SolutionDir)/Dependencies/" />
					<Add directory="$(SolutionDir)/Dependencies/libevent/" />
					<Add directory="$(SolutionDir)/Dependencies/libevent/include/" />
					<Add directory="$(SolutionDir)/Dependencies/libevent/compat/" />
					<Add directory="$(SolutionDir)/Dependencies/protobuf/src/" />
					<Add directory="$(SolutionDir)/Dependencies/Theron/Include/" />
					<Add directory="$(SolutionDir)/Dependencies/mysql/" />
				</Compiler>
				<Linker>
					<Add library="libNFMessageDefine_d" />
					<Add library="$(SolutionDir)/_Out/Debug/NFNet_d.a" />
					<Add library="$(SolutionDir)/Dependencies/lib/Debug/libevent.a" />
					<Add library="$(SolutionDir)/Dependencies/lib/Debug/libevent_core.a" />
					<Add library="libprotobuf" />
					<Add directory="$(SolutionDir)/_Out/Debug/" />
					<Add directory="$(SolutionDir)/Dependencies/lib/Debug/" />
				</Linker>
				<ExtraCommands>
				</ExtraCommands>
				<Environment>
					<Variable name="SolutionDir" value="../../" />
				</Environment>
			</Target>
			<Target title="Release x64">
				<Option output="$(SolutionDir)/_Out/Release/NFGameLogicPlugin" prefix_auto="0" extension_auto="1" />
				<Option type="3" />
				<Option compiler="gcc" />
				<Option createDefFile="1" />
				<Option createStaticLib="1" />
				<Compiler>
					<Add option="-std=c++11" />
					<Add option="-fPIC" />
					<Add option="-D_USRDLL" />
					<Add option="-DELPP_NO_DEFAULT_LOG_FILE" />
					<Add directory="$(SolutionDir)" />
					<Add directory="$(SolutionDir)/Dependencies/" />
					<Add directory="$(SolutionDir)/Dependencies/libevent/" />
					<Add directory="$(SolutionDir)/Dependencies/libevent/include/" />
					<Add directory="$(SolutionDir)/Dependencies/libevent/compat/" />
					<Add directory="$(SolutionDir)/Dependencies/protobuf/src/" />
					<Add directory="$(SolutionDir)/Dependencies/Theron/Include/" />
					<Add directory="$(SolutionDir)/Dependencies/mysql/" />
				</Compiler>
				<Linker>
					<Add library="libNFMessageDefine" />
					<Add library="$(SolutionDir)/_Out/Release/NFNet.a" />
					<Add library="$(SolutionDir)/Dependencies/lib/Release/libevent.a" />
					<Add library="$(SolutionDir)/Dependencies/lib/Release/libevent_core.a" />
					<Add library="libprotobuf" />
					<Add directory="$(SolutionDir)/_Out/Release/" />
					<Add directory="$(SolutionDir)/Dependencies/lib/Release/" />
				</Linker>
				<ExtraCommands>
				</ExtraCommands>
				<Environment>
					<Variable name="SolutionDir" value="../../" />
				</Environment>
			</Target>
		</Build>
<Unit filename="NFCBuffModule.h" />
<Unit filename="NFCCreateRoleModule.h" />
<Unit filename="NFCCommonConfigModule.h" />
<Unit filename="NFCGmModule.h" />
<Unit filename="NFCGSSwichServerModule.h" />
<Unit filename="NFCMapModule.h" />
<Unit filename="NFCPVPModule.h" />
<Unit filename="NFCTeamModule.h" />
<Unit filename="NFCTeamPVPModule.h" />
<Unit filename="NFCTileModule.h" />
<Unit filename="NFGameLogicPlugin.h" />
<Unit filename="dllmain.cpp"/>
<Unit filename="NFCBuffModule.cpp" />
<Unit filename="NFCCreateRoleModule.cpp" />
<Unit filename="NFCCommonConfigModule.cpp" />
<Unit filename="NFCGmModule.cpp" />
<Unit filename="NFCGSSwichServerModule.cpp" />
<Unit filename="NFCMapModule.cpp" />
<Unit filename="NFCPVPModule.cpp" />
<Unit filename="NFCTeamModule.cpp" />
<Unit filename="NFCTeamPVPModule.cpp" />
<Unit filename="NFCTileModule.cpp" />
<Unit filename="NFGameLogicPlugin.cpp" />
		<Extensions>
			<code_completion />
			<envvars />
			<debugger />
		</Extensions>
	</Project>
</CodeBlocks_project_file>
