<?xml version="1.0" encoding="utf-8"?>
<Project ToolsVersion="4.0" xmlns="http://schemas.microsoft.com/developer/msbuild/2003">
  <ItemGroup>
    <Filter Include="NFBuffModule">
      <UniqueIdentifier>{4FC737F1-C7A5-4376-A066-2A32D752A2FF}</UniqueIdentifier>
      <Extensions>cpp;c;cc;cxx;def;odl;idl;hpj;bat;asm;asmx</Extensions>
    </Filter>
    <Filter Include="NFCommonConfigModule">
      <UniqueIdentifier>{15121c6f-c078-4629-81c4-7bac017e056f}</UniqueIdentifier>
    </Filter>
    <Filter Include="NFCreateRoleModule">
      <UniqueIdentifier>{ca2648e6-36dd-4163-9791-b22482d4b8b6}</UniqueIdentifier>
    </Filter>
  </ItemGroup>
  <ItemGroup>
    <ClInclude Include="NFCBuffModule.h">
      <Filter>NFBuffModule</Filter>
    </ClInclude>
    <ClInclude Include="NFGameLogicPlugin.h" />
    <ClInclude Include="NFCCommonConfigModule.h">
      <Filter>NFCommonConfigModule</Filter>
    </ClInclude>
    <ClInclude Include="NFCCreateRoleModule.h">
      <Filter>NFCreateRoleModule</Filter>
    </ClInclude>
  </ItemGroup>
  <ItemGroup>
    <ClCompile Include="dllmain.cpp" />
    <ClCompile Include="NFCBuffModule.cpp">
      <Filter>NFBuffModule</Filter>
    </ClCompile>
    <ClCompile Include="NFGameLogicPlugin.cpp" />
    <ClCompile Include="NFCCommonConfigModule.cpp">
      <Filter>NFCommonConfigModule</Filter>
    </ClCompile>
    <ClCompile Include="NFCCreateRoleModule.cpp">
      <Filter>NFCreateRoleModule</Filter>
    </ClCompile>
  </ItemGroup>
</Project>