
Microsoft Visual Studio Solution File, Format Version 10.00
# Visual Studio 2008
Project("{8BC9CEB8-8B4A-11D0-8D11-00A0C91BC942}") = "miniunz", "miniunz.vcproj", "{8D770B0A-A853-4FB7-8E71-5BDDC16A8C11}"
EndProject
Project("{8BC9CEB8-8B4A-11D0-8D11-00A0C91BC942}") = "minizip", "minizip.vcproj", "{9C3AFF9E-022F-4A42-BCDC-C705AEE00DEB}"
EndProject
Global
	GlobalSection(SolutionConfigurationPlatforms) = preSolution
		Debug|Win32 = Debug|Win32
		Release|Win32 = Release|Win32
	EndGlobalSection
	GlobalSection(ProjectConfigurationPlatforms) = postSolution
		{8D770B0A-A853-4FB7-8E71-5BDDC16A8C11}.Debug|Win32.ActiveCfg = Debug|Win32
		{8D770B0A-A853-4FB7-8E71-5BDDC16A8C11}.Debug|Win32.Build.0 = Debug|Win32
		{8D770B0A-A853-4FB7-8E71-5BDDC16A8C11}.Release|Win32.ActiveCfg = Release|Win32
		{8D770B0A-A853-4FB7-8E71-5BDDC16A8C11}.Release|Win32.Build.0 = Release|Win32
		{9C3AFF9E-022F-4A42-BCDC-C705AEE00DEB}.Debug|Win32.ActiveCfg = Debug|Win32
		{9C3AFF9E-022F-4A42-BCDC-C705AEE00DEB}.Debug|Win32.Build.0 = Debug|Win32
		{9C3AFF9E-022F-4A42-BCDC-C705AEE00DEB}.Release|Win32.ActiveCfg = Release|Win32
		{9C3AFF9E-022F-4A42-BCDC-C705AEE00DEB}.Release|Win32.Build.0 = Release|Win32
	EndGlobalSection
	GlobalSection(SolutionProperties) = preSolution
		HideSolutionNode = FALSE
	EndGlobalSection
EndGlobal
