<?xml version="1.0" encoding="utf-8"?>
<Project ToolsVersion="4.0" xmlns="http://schemas.microsoft.com/developer/msbuild/2003">
  <ItemGroup>
    <ClInclude Include="NFNavigationPlugin.h" />
    <ClInclude Include="NFNavigationModule.h" />
    <ClInclude Include="NFNavigationDataModule.h" />
  </ItemGroup>
  <ItemGroup>
    <ClCompile Include="dllmain.cpp" />
    <ClCompile Include="NFNavigationPlugin.cpp" />
    <ClCompile Include="NFNavigationModule.cpp" />
    <ClCompile Include="NFNavigationDataModule.cpp" />
  </ItemGroup>
</Project>